// !$*UTF8*$!
{
	archiveVersion = 1;
	classes = {
	};
	objectVersion = 48;
	objects = {

/* Begin PBXBuildFile section */
		4C00FB541FC621BB00E76466 /* Bridge-Header.h in Headers */ = {isa = PBXBuildFile; fileRef = 4C00FB521FC6205500E76466 /* Bridge-Header.h */; };
		4C18DBCA2282062E000D105A /* RemoteQueryViewController.swift in Sources */ = {isa = PBXBuildFile; fileRef = 4C18DBC92282062E000D105A /* RemoteQueryViewController.swift */; };
		4C38D7741FA0817D00633A5D /* MainSplitViewController.swift in Sources */ = {isa = PBXBuildFile; fileRef = 4C38D7731FA0817D00633A5D /* MainSplitViewController.swift */; };
		4C38D7761FA0922300633A5D /* InspectorViewController.swift in Sources */ = {isa = PBXBuildFile; fileRef = 4C38D7751FA0922300633A5D /* InspectorViewController.swift */; };
		4C38D7791FA0B9B200633A5D /* FileViewController.swift in Sources */ = {isa = PBXBuildFile; fileRef = 4C38D7771FA0B9B200633A5D /* FileViewController.swift */; };
		4C38D77C1FA0DCFF00633A5D /* FlippedStackView.swift in Sources */ = {isa = PBXBuildFile; fileRef = 4C38D77B1FA0DCFF00633A5D /* FlippedStackView.swift */; };
		4C38D77E1FA11A7400633A5D /* ElementViewController.swift in Sources */ = {isa = PBXBuildFile; fileRef = 4C38D77D1FA11A7400633A5D /* ElementViewController.swift */; };
		4C38D7801FA12B1B00633A5D /* ConsoleSplitViewController.swift in Sources */ = {isa = PBXBuildFile; fileRef = 4C38D77F1FA12B1B00633A5D /* ConsoleSplitViewController.swift */; };
		4C38D7841FA1333200633A5D /* ConsoleViewController.swift in Sources */ = {isa = PBXBuildFile; fileRef = 4C38D7831FA1333200633A5D /* ConsoleViewController.swift */; };
		4C3EF244226E3AAC0062B5A3 /* AppDelegate.swift in Sources */ = {isa = PBXBuildFile; fileRef = 4C3EF243226E3AAC0062B5A3 /* AppDelegate.swift */; };
		4C3EF246226E3AAC0062B5A3 /* DataViewController.swift in Sources */ = {isa = PBXBuildFile; fileRef = 4C3EF245226E3AAC0062B5A3 /* DataViewController.swift */; };
		4C3EF249226E3AAC0062B5A3 /* MagiX.xcdatamodeld in Sources */ = {isa = PBXBuildFile; fileRef = 4C3EF247226E3AAC0062B5A3 /* MagiX.xcdatamodeld */; };
		4C3EF24B226E3AAD0062B5A3 /* Assets.xcassets in Resources */ = {isa = PBXBuildFile; fileRef = 4C3EF24A226E3AAD0062B5A3 /* Assets.xcassets */; };
		4C3EF24E226E3AAD0062B5A3 /* Main.storyboard in Resources */ = {isa = PBXBuildFile; fileRef = 4C3EF24C226E3AAD0062B5A3 /* Main.storyboard */; };
		4C3EF256226E3AD70062B5A3 /* DcmSwift.framework in Frameworks */ = {isa = PBXBuildFile; fileRef = 4C8D798E1F989EB1008300E3 /* DcmSwift.framework */; };
		4C3EF258226E3AE20062B5A3 /* DcmSwift.framework in CopyFiles */ = {isa = PBXBuildFile; fileRef = 4C8D798E1F989EB1008300E3 /* DcmSwift.framework */; settings = {ATTRIBUTES = (CodeSignOnCopy, RemoveHeadersOnCopy, ); }; };
		4C3EF25A226E44D10062B5A3 /* DataController.swift in Sources */ = {isa = PBXBuildFile; fileRef = 4C3EF259226E44D10062B5A3 /* DataController.swift */; };
		4C3EF25C226E5D650062B5A3 /* ImageViewController.swift in Sources */ = {isa = PBXBuildFile; fileRef = 4C3EF25B226E5D650062B5A3 /* ImageViewController.swift */; };
		4C52EEF11FA8876E001A05DF /* PictureViewController.swift in Sources */ = {isa = PBXBuildFile; fileRef = 4C52EEF01FA8876E001A05DF /* PictureViewController.swift */; };
		4C53D6BF2274C5190003724F /* CollectionViewItem.swift in Sources */ = {isa = PBXBuildFile; fileRef = 4C53D6BD2274C5190003724F /* CollectionViewItem.swift */; };
		4C53D6C02274C5190003724F /* CollectionViewItem.xib in Resources */ = {isa = PBXBuildFile; fileRef = 4C53D6BE2274C5190003724F /* CollectionViewItem.xib */; };
		4C53D6C22274E50D0003724F /* MetadataViewController.swift in Sources */ = {isa = PBXBuildFile; fileRef = 4C53D6C12274E50D0003724F /* MetadataViewController.swift */; };
		4C53D6C92275A4EB0003724F /* LoadOperation.swift in Sources */ = {isa = PBXBuildFile; fileRef = 4C53D6C82275A4EB0003724F /* LoadOperation.swift */; };
		4C53D6CB2275B3200003724F /* SidebarViewController.swift in Sources */ = {isa = PBXBuildFile; fileRef = 4C53D6CA2275B3200003724F /* SidebarViewController.swift */; };
		4C53D6CD2275B4A90003724F /* OperationCellView.swift in Sources */ = {isa = PBXBuildFile; fileRef = 4C53D6CC2275B4A90003724F /* OperationCellView.swift */; };
		4C53D6CF227760690003724F /* RemoteEditViewController.swift in Sources */ = {isa = PBXBuildFile; fileRef = 4C53D6CE227760690003724F /* RemoteEditViewController.swift */; };
		4C53D6D22278F3AA0003724F /* RemoteViewController.swift in Sources */ = {isa = PBXBuildFile; fileRef = 4C53D6D02278F3AA0003724F /* RemoteViewController.swift */; };
		4C53D6DE2278F5F90003724F /* Remote.swift in Sources */ = {isa = PBXBuildFile; fileRef = 4C53D6DC2278F5F90003724F /* Remote.swift */; };
		4C53D6E2227B5BB50003724F /* ApplicationContext.swift in Sources */ = {isa = PBXBuildFile; fileRef = 4C53D6E1227B5BB50003724F /* ApplicationContext.swift */; };
		4C53D6E4227B61660003724F /* PDUMessage.swift in Sources */ = {isa = PBXBuildFile; fileRef = 4C53D6E3227B61660003724F /* PDUMessage.swift */; };
		4C53D6E6227B69BB0003724F /* PresentationContext.swift in Sources */ = {isa = PBXBuildFile; fileRef = 4C53D6E5227B69BB0003724F /* PresentationContext.swift */; };
		4C53D6E8227B6D0D0003724F /* UserInfo.swift in Sources */ = {isa = PBXBuildFile; fileRef = 4C53D6E7227B6D0D0003724F /* UserInfo.swift */; };
		4C53D6ED227C42030003724F /* ItemType.swift in Sources */ = {isa = PBXBuildFile; fileRef = 4C53D6EC227C42030003724F /* ItemType.swift */; };
		4C53D6EF227C8B940003724F /* CommandField.swift in Sources */ = {isa = PBXBuildFile; fileRef = 4C53D6EE227C8B940003724F /* CommandField.swift */; };
		4C53D6F1227CAF310003724F /* PDUType.swift in Sources */ = {isa = PBXBuildFile; fileRef = 4C53D6F0227CAF310003724F /* PDUType.swift */; };
		4C53D6F3227CAFB20003724F /* AssociationAC.swift in Sources */ = {isa = PBXBuildFile; fileRef = 4C53D6F2227CAFB20003724F /* AssociationAC.swift */; };
		4C53D6F6227CB1100003724F /* AssociationRQ.swift in Sources */ = {isa = PBXBuildFile; fileRef = 4C53D6F5227CB1100003724F /* AssociationRQ.swift */; };
		4C53D6F8227CB34D0003724F /* ReleaseRQ.swift in Sources */ = {isa = PBXBuildFile; fileRef = 4C53D6F7227CB34D0003724F /* ReleaseRQ.swift */; };
		4C53D6FA227CB3900003724F /* AssociationRJ.swift in Sources */ = {isa = PBXBuildFile; fileRef = 4C53D6F9227CB3900003724F /* AssociationRJ.swift */; };
		4C53D6FC227CB3B00003724F /* ReleaseRP.swift in Sources */ = {isa = PBXBuildFile; fileRef = 4C53D6FB227CB3B00003724F /* ReleaseRP.swift */; };
		4C53D6FE227CB4480003724F /* DataTF.swift in Sources */ = {isa = PBXBuildFile; fileRef = 4C53D6FD227CB4480003724F /* DataTF.swift */; };
		4C53D700227CB4650003724F /* Abort.swift in Sources */ = {isa = PBXBuildFile; fileRef = 4C53D6FF227CB4650003724F /* Abort.swift */; };
		4C53D702227CB79C0003724F /* PDUDecoder.swift in Sources */ = {isa = PBXBuildFile; fileRef = 4C53D701227CB79C0003724F /* PDUDecoder.swift */; };
		4C53D704227CB83A0003724F /* CEchoRQ.swift in Sources */ = {isa = PBXBuildFile; fileRef = 4C53D703227CB83A0003724F /* CEchoRQ.swift */; };
		4C53D706227CB8B20003724F /* CFindRQ.swift in Sources */ = {isa = PBXBuildFile; fileRef = 4C53D705227CB8B20003724F /* CFindRQ.swift */; };
		4C53D708227CBA040003724F /* PDUEncoder.swift in Sources */ = {isa = PBXBuildFile; fileRef = 4C53D707227CBA040003724F /* PDUEncoder.swift */; };
		4C53D70B227CD0770003724F /* CEchoRSP.swift in Sources */ = {isa = PBXBuildFile; fileRef = 4C53D70A227CD0770003724F /* CEchoRSP.swift */; };
		4C53D70E227DAB4B0003724F /* DicomError.swift in Sources */ = {isa = PBXBuildFile; fileRef = 4C53D70D227DAB4B0003724F /* DicomError.swift */; };
		4C53D710227DD0880003724F /* CFindRSP.swift in Sources */ = {isa = PBXBuildFile; fileRef = 4C53D70F227DD0880003724F /* CFindRSP.swift */; };
		4C53D712227E1CEE0003724F /* AppDicomError.swift in Sources */ = {isa = PBXBuildFile; fileRef = 4C53D711227E1CEE0003724F /* AppDicomError.swift */; };
		4C53D714227F4D440003724F /* DIMSEStatus.swift in Sources */ = {isa = PBXBuildFile; fileRef = 4C53D713227F4D440003724F /* DIMSEStatus.swift */; };
		4C5792FB1FB71994003B1279 /* DocumentController.swift in Sources */ = {isa = PBXBuildFile; fileRef = 4C5792FA1FB71994003B1279 /* DocumentController.swift */; };
		4C5792FD1FB8709D003B1279 /* AddElementController.swift in Sources */ = {isa = PBXBuildFile; fileRef = 4C5792FC1FB8709D003B1279 /* AddElementController.swift */; };
		4C5792FF1FB8A8A2003B1279 /* PreferencesWindowController.swift in Sources */ = {isa = PBXBuildFile; fileRef = 4C5792FE1FB8A8A2003B1279 /* PreferencesWindowController.swift */; };
		4C5793011FB8AA65003B1279 /* PreferencesViewController.swift in Sources */ = {isa = PBXBuildFile; fileRef = 4C5793001FB8AA65003B1279 /* PreferencesViewController.swift */; };
		4C5BF0841FABA5E80051F4FE /* DataSet.swift in Sources */ = {isa = PBXBuildFile; fileRef = 4C3CD47A1F96981300323E8A /* DataSet.swift */; };
		4C5BF0851FABA5E80051F4FE /* DataElement.swift in Sources */ = {isa = PBXBuildFile; fileRef = 4C3CD47C1F96981D00323E8A /* DataElement.swift */; };
		4C5BF0861FABA5E80051F4FE /* DataSequence.swift in Sources */ = {isa = PBXBuildFile; fileRef = 4C8D79851F97D84A008300E3 /* DataSequence.swift */; };
		4C5BF0871FABA5E80051F4FE /* DataItem.swift in Sources */ = {isa = PBXBuildFile; fileRef = 4C8D79871F97D859008300E3 /* DataItem.swift */; };
		4C5BF0881FABA5E80051F4FE /* DataTag.swift in Sources */ = {isa = PBXBuildFile; fileRef = 4C7B78D41FA23FAC005BB2A2 /* DataTag.swift */; };
		4C5BF0891FABA5E80051F4FE /* PixelSequence.swift in Sources */ = {isa = PBXBuildFile; fileRef = 4C99796E1FA71DEF00C90494 /* PixelSequence.swift */; };
		4C5BF08A1FABA5E80051F4FE /* DicomFile.swift in Sources */ = {isa = PBXBuildFile; fileRef = 4C3CD4781F9697DC00323E8A /* DicomFile.swift */; };
		4C5BF08B1FABA5E80051F4FE /* DicomImage.swift in Sources */ = {isa = PBXBuildFile; fileRef = 4C9979961FA7720300C90494 /* DicomImage.swift */; };
		4C5BF08C1FABA5E80051F4FE /* DicomDate.swift in Sources */ = {isa = PBXBuildFile; fileRef = 4C7B78D01FA1485B005BB2A2 /* DicomDate.swift */; };
		4C5BF08D1FABA5E80051F4FE /* DicomData.swift in Sources */ = {isa = PBXBuildFile; fileRef = 4C783E6A1F969DC500E46F30 /* DicomData.swift */; };
		4C5BF08E1FABA5E80051F4FE /* DicomObject.swift in Sources */ = {isa = PBXBuildFile; fileRef = 4C99798F1FA75B3600C90494 /* DicomObject.swift */; };
		4C5BF08F1FABA5E80051F4FE /* DicomSpec.swift in Sources */ = {isa = PBXBuildFile; fileRef = 4C8D79A71F98A69B008300E3 /* DicomSpec.swift */; };
		4C5BF0911FABB4730051F4FE /* DicomString.swift in Sources */ = {isa = PBXBuildFile; fileRef = 4C5BF0901FABB4730051F4FE /* DicomString.swift */; };
		4C5BF0921FABB4730051F4FE /* DicomString.swift in Sources */ = {isa = PBXBuildFile; fileRef = 4C5BF0901FABB4730051F4FE /* DicomString.swift */; };
		4C5F9B382248DC5E0076DA82 /* Socket.framework in Frameworks */ = {isa = PBXBuildFile; fileRef = 4C5F9B372248DC5E0076DA82 /* Socket.framework */; };
		4C5F9B3C2248E3870076DA82 /* EntitiesPrefViewController.swift in Sources */ = {isa = PBXBuildFile; fileRef = 4C5F9B3B2248E3870076DA82 /* EntitiesPrefViewController.swift */; };
		4C5F9B3E224911E30076DA82 /* GeneralPrefViewController.swift in Sources */ = {isa = PBXBuildFile; fileRef = 4C5F9B3D224911E30076DA82 /* GeneralPrefViewController.swift */; };
		4C5F9B40224913A10076DA82 /* NetworkPrefViewController.swift in Sources */ = {isa = PBXBuildFile; fileRef = 4C5F9B3F224913A10076DA82 /* NetworkPrefViewController.swift */; };
		4C5F9B42224913C00076DA82 /* DicomPrefViewController.swift in Sources */ = {isa = PBXBuildFile; fileRef = 4C5F9B41224913C00076DA82 /* DicomPrefViewController.swift */; };
		4C5F9B44224935530076DA82 /* SendViewController.swift in Sources */ = {isa = PBXBuildFile; fileRef = 4C5F9B43224935530076DA82 /* SendViewController.swift */; };
		4C76A9E722480F5E0057350E /* DicomConstants.swift in Sources */ = {isa = PBXBuildFile; fileRef = 4CD0BEE7224401670024C357 /* DicomConstants.swift */; };
		4C76AA00224814F60057350E /* CR-MONO1-10-chest in Resources */ = {isa = PBXBuildFile; fileRef = 4C76A9E9224814F30057350E /* CR-MONO1-10-chest */; };
		4C76AA01224814F60057350E /* MR-MONO2-16-knee in Resources */ = {isa = PBXBuildFile; fileRef = 4C76A9EA224814F30057350E /* MR-MONO2-16-knee */; };
		4C76AA02224814F60057350E /* NM-MONO2-16-13x-heart in Resources */ = {isa = PBXBuildFile; fileRef = 4C76A9EB224814F30057350E /* NM-MONO2-16-13x-heart */; };
		4C76AA03224814F60057350E /* CT-MONO2-16-ort in Resources */ = {isa = PBXBuildFile; fileRef = 4C76A9EC224814F30057350E /* CT-MONO2-16-ort */; };
		4C76AA04224814F60057350E /* MR-MONO2-12-angio-an1 in Resources */ = {isa = PBXBuildFile; fileRef = 4C76A9ED224814F30057350E /* MR-MONO2-12-angio-an1 */; };
		4C76AA05224814F60057350E /* OT-MONO2-8-hip in Resources */ = {isa = PBXBuildFile; fileRef = 4C76A9EE224814F30057350E /* OT-MONO2-8-hip */; };
		4C76AA06224814F60057350E /* OT-PAL-8-face in Resources */ = {isa = PBXBuildFile; fileRef = 4C76A9EF224814F30057350E /* OT-PAL-8-face */; };
		4C76AA07224814F60057350E /* US-PAL-8-10x-echo in Resources */ = {isa = PBXBuildFile; fileRef = 4C76A9F0224814F40057350E /* US-PAL-8-10x-echo */; };
		4C76AA08224814F60057350E /* OT-MONO2-8-colon in Resources */ = {isa = PBXBuildFile; fileRef = 4C76A9F1224814F40057350E /* OT-MONO2-8-colon */; };
		4C76AA09224814F60057350E /* US-RGB-8-epicard in Resources */ = {isa = PBXBuildFile; fileRef = 4C76A9F2224814F40057350E /* US-RGB-8-epicard */; };
		4C76AA0A224814F60057350E /* MR-MONO2-12-an2 in Resources */ = {isa = PBXBuildFile; fileRef = 4C76A9F3224814F40057350E /* MR-MONO2-12-an2 */; };
		4C76AA0B224814F60057350E /* CT-MONO2-16-chest in Resources */ = {isa = PBXBuildFile; fileRef = 4C76A9F4224814F40057350E /* CT-MONO2-16-chest */; };
		4C76AA0C224814F60057350E /* CT-MONO2-12-lomb-an2 in Resources */ = {isa = PBXBuildFile; fileRef = 4C76A9F5224814F40057350E /* CT-MONO2-12-lomb-an2 */; };
		4C76AA0D224814F60057350E /* US-MONO2-8-8x-execho in Resources */ = {isa = PBXBuildFile; fileRef = 4C76A9F6224814F50057350E /* US-MONO2-8-8x-execho */; };
		4C76AA0E224814F60057350E /* CT-MONO2-16-brain in Resources */ = {isa = PBXBuildFile; fileRef = 4C76A9F7224814F50057350E /* CT-MONO2-16-brain */; };
		4C76AA0F224814F60057350E /* US-RGB-8-esopecho in Resources */ = {isa = PBXBuildFile; fileRef = 4C76A9F8224814F50057350E /* US-RGB-8-esopecho */; };
		4C76AA10224814F60057350E /* MR-MONO2-8-16x-heart in Resources */ = {isa = PBXBuildFile; fileRef = 4C76A9F9224814F50057350E /* MR-MONO2-8-16x-heart */; };
		4C76AA11224814F60057350E /* OT-MONO2-8-a7 in Resources */ = {isa = PBXBuildFile; fileRef = 4C76A9FA224814F50057350E /* OT-MONO2-8-a7 */; };
		4C76AA12224814F60057350E /* MR-MONO2-16-head in Resources */ = {isa = PBXBuildFile; fileRef = 4C76A9FB224814F50057350E /* MR-MONO2-16-head */; };
		4C76AA13224814F60057350E /* XA-MONO2-8-12x-catheter in Resources */ = {isa = PBXBuildFile; fileRef = 4C76A9FC224814F50057350E /* XA-MONO2-8-12x-catheter */; };
		4C76AA14224814F60057350E /* CT-MONO2-8-abdo in Resources */ = {isa = PBXBuildFile; fileRef = 4C76A9FD224814F60057350E /* CT-MONO2-8-abdo */; };
		4C76AA15224814F60057350E /* MR-MONO2-12-shoulder in Resources */ = {isa = PBXBuildFile; fileRef = 4C76A9FE224814F60057350E /* MR-MONO2-12-shoulder */; };
		4C76AA16224814F60057350E /* CT-MONO2-16-ankle in Resources */ = {isa = PBXBuildFile; fileRef = 4C76A9FF224814F60057350E /* CT-MONO2-16-ankle */; };
		4C7B78D11FA1485B005BB2A2 /* DicomDate.swift in Sources */ = {isa = PBXBuildFile; fileRef = 4C7B78D01FA1485B005BB2A2 /* DicomDate.swift */; };
		4C7B78D61FA28002005BB2A2 /* DataTag.swift in Sources */ = {isa = PBXBuildFile; fileRef = 4C7B78D41FA23FAC005BB2A2 /* DataTag.swift */; };
		4C8D79921F989EB1008300E3 /* DcmSwift.h in Headers */ = {isa = PBXBuildFile; fileRef = 4C8D79901F989EB1008300E3 /* DcmSwift.h */; settings = {ATTRIBUTES = (Public, ); }; };
		4C8D79961F989EDD008300E3 /* DataItem.swift in Sources */ = {isa = PBXBuildFile; fileRef = 4C8D79871F97D859008300E3 /* DataItem.swift */; };
		4C8D79971F989EDD008300E3 /* DicomFile.swift in Sources */ = {isa = PBXBuildFile; fileRef = 4C3CD4781F9697DC00323E8A /* DicomFile.swift */; };
		4C8D79981F989EDD008300E3 /* DataElement.swift in Sources */ = {isa = PBXBuildFile; fileRef = 4C3CD47C1F96981D00323E8A /* DataElement.swift */; };
		4C8D79991F989EDD008300E3 /* DicomData.swift in Sources */ = {isa = PBXBuildFile; fileRef = 4C783E6A1F969DC500E46F30 /* DicomData.swift */; };
		4C8D799A1F989EDD008300E3 /* DataSet.swift in Sources */ = {isa = PBXBuildFile; fileRef = 4C3CD47A1F96981300323E8A /* DataSet.swift */; };
		4C8D799B1F989EDD008300E3 /* DataSequence.swift in Sources */ = {isa = PBXBuildFile; fileRef = 4C8D79851F97D84A008300E3 /* DataSequence.swift */; };
		4C8D79AA1F98AB0D008300E3 /* DicomSpec.swift in Sources */ = {isa = PBXBuildFile; fileRef = 4C8D79A71F98A69B008300E3 /* DicomSpec.swift */; };
		4C91251F2282E4A500210165 /* OperationsController.swift in Sources */ = {isa = PBXBuildFile; fileRef = 4C91251E2282E4A500210165 /* OperationsController.swift */; };
		4C9125212282EA0E00210165 /* FindOperation.swift in Sources */ = {isa = PBXBuildFile; fileRef = 4C9125202282EA0E00210165 /* FindOperation.swift */; };
		4C9125232282F14000210165 /* DirectoryEditViewController.swift in Sources */ = {isa = PBXBuildFile; fileRef = 4C9125222282F14000210165 /* DirectoryEditViewController.swift */; };
		4C9125252282F2A300210165 /* SmartDirectoryEditViewController.swift in Sources */ = {isa = PBXBuildFile; fileRef = 4C9125242282F2A300210165 /* SmartDirectoryEditViewController.swift */; };
		4C99796F1FA71DEF00C90494 /* PixelSequence.swift in Sources */ = {isa = PBXBuildFile; fileRef = 4C99796E1FA71DEF00C90494 /* PixelSequence.swift */; };
		4C9979901FA75B3600C90494 /* DicomObject.swift in Sources */ = {isa = PBXBuildFile; fileRef = 4C99798F1FA75B3600C90494 /* DicomObject.swift */; };
		4C9979971FA7720300C90494 /* DicomImage.swift in Sources */ = {isa = PBXBuildFile; fileRef = 4C9979961FA7720300C90494 /* DicomImage.swift */; };
		4CA0717A2283693B006227E1 /* CStoreRQ.swift in Sources */ = {isa = PBXBuildFile; fileRef = 4CA071792283693B006227E1 /* CStoreRQ.swift */; };
		4CA0717C22836946006227E1 /* CStoreRSP.swift in Sources */ = {isa = PBXBuildFile; fileRef = 4CA0717B22836946006227E1 /* CStoreRSP.swift */; };
		4CA0717E22836BC9006227E1 /* DicomServer.swift in Sources */ = {isa = PBXBuildFile; fileRef = 4CA0717D22836BC9006227E1 /* DicomServer.swift */; };
		4CA405211FA67DF3006F8053 /* DcmSwiftTests.swift in Sources */ = {isa = PBXBuildFile; fileRef = 4CA405201FA67DF3006F8053 /* DcmSwiftTests.swift */; };
		4CA405231FA67DF3006F8053 /* DcmSwift.framework in Frameworks */ = {isa = PBXBuildFile; fileRef = 4C8D798E1F989EB1008300E3 /* DcmSwift.framework */; };
		4CB9C9A11FB248C000C5356B /* ExportViewController.swift in Sources */ = {isa = PBXBuildFile; fileRef = 4CB9C9A01FB248C000C5356B /* ExportViewController.swift */; };
		4CCF6B1A1F9FABBA000579C7 /* AppDelegate.swift in Sources */ = {isa = PBXBuildFile; fileRef = 4CCF6B191F9FABBA000579C7 /* AppDelegate.swift */; };
		4CCF6B1C1F9FABBA000579C7 /* DatasetViewController.swift in Sources */ = {isa = PBXBuildFile; fileRef = 4CCF6B1B1F9FABBA000579C7 /* DatasetViewController.swift */; };
		4CCF6B1E1F9FABBA000579C7 /* DicomDocument.swift in Sources */ = {isa = PBXBuildFile; fileRef = 4CCF6B1D1F9FABBA000579C7 /* DicomDocument.swift */; };
		4CCF6B201F9FABBA000579C7 /* Assets.xcassets in Resources */ = {isa = PBXBuildFile; fileRef = 4CCF6B1F1F9FABBA000579C7 /* Assets.xcassets */; };
		4CCF6B231F9FABBA000579C7 /* Main.storyboard in Resources */ = {isa = PBXBuildFile; fileRef = 4CCF6B211F9FABBA000579C7 /* Main.storyboard */; };
		4CCF6B2B1F9FABC7000579C7 /* DcmSwift.framework in Frameworks */ = {isa = PBXBuildFile; fileRef = 4C8D798E1F989EB1008300E3 /* DcmSwift.framework */; };
		4CCF6B2D1F9FABDF000579C7 /* DcmSwift.framework in Copy Frameworks */ = {isa = PBXBuildFile; fileRef = 4C8D798E1F989EB1008300E3 /* DcmSwift.framework */; settings = {ATTRIBUTES = (CodeSignOnCopy, RemoveHeadersOnCopy, ); }; };
		4CCF6B2F1F9FB285000579C7 /* WindowController.swift in Sources */ = {isa = PBXBuildFile; fileRef = 4CCF6B2E1F9FB285000579C7 /* WindowController.swift */; };
		4CCF8FA0224AAAE60032325C /* ExportDICOMViewController.swift in Sources */ = {isa = PBXBuildFile; fileRef = 4CCF8F9F224AAAE60032325C /* ExportDICOMViewController.swift */; };
		4CCF8FA2224AB0B20032325C /* Socket.framework in Frameworks */ = {isa = PBXBuildFile; fileRef = 4C5F9B372248DC5E0076DA82 /* Socket.framework */; };
		4CCF8FA5224AB1440032325C /* Socket.framework in CopyFiles */ = {isa = PBXBuildFile; fileRef = 4C5F9B372248DC5E0076DA82 /* Socket.framework */; settings = {ATTRIBUTES = (CodeSignOnCopy, RemoveHeadersOnCopy, ); }; };
		4CD0BEE42242A63A0024C357 /* DicomAssociation.swift in Sources */ = {isa = PBXBuildFile; fileRef = 4CD0BEE32242A63A0024C357 /* DicomAssociation.swift */; };
		4CD0BEE62242B15B0024C357 /* DicomEntity.swift in Sources */ = {isa = PBXBuildFile; fileRef = 4CD0BEE52242B15B0024C357 /* DicomEntity.swift */; };
		4CD0BEE8224401670024C357 /* DicomConstants.swift in Sources */ = {isa = PBXBuildFile; fileRef = 4CD0BEE7224401670024C357 /* DicomConstants.swift */; };
		4CECD64B2240F3440087AF0D /* DocumentsViewController.swift in Sources */ = {isa = PBXBuildFile; fileRef = 4CECD64A2240F3440087AF0D /* DocumentsViewController.swift */; };
		4CECD64D22415EE90087AF0D /* DicomClient.swift in Sources */ = {isa = PBXBuildFile; fileRef = 4CECD64C22415EE90087AF0D /* DicomClient.swift */; };
		4CECD64F22415F5A0087AF0D /* DicomService.swift in Sources */ = {isa = PBXBuildFile; fileRef = 4CECD64E22415F5A0087AF0D /* DicomService.swift */; };
		4CFBF6AF228C61C7006FE616 /* SendOperation.swift in Sources */ = {isa = PBXBuildFile; fileRef = 4CFBF6AE228C61C7006FE616 /* SendOperation.swift */; };
		4CFBF6B222907A29006FE616 /* ServerController.swift in Sources */ = {isa = PBXBuildFile; fileRef = 4CFBF6B122907A29006FE616 /* ServerController.swift */; };
		4CFBF6B622908CC3006FE616 /* ListenerPreferencesViewController.swift in Sources */ = {isa = PBXBuildFile; fileRef = 4CFBF6B522908CC3006FE616 /* ListenerPreferencesViewController.swift */; };
		4CFBF6BC22917413006FE616 /* ServiceItemCellView.swift in Sources */ = {isa = PBXBuildFile; fileRef = 4CFBF6BB22917413006FE616 /* ServiceItemCellView.swift */; };
		4CFBF6BE229195F6006FE616 /* StorageController.swift in Sources */ = {isa = PBXBuildFile; fileRef = 4CFBF6BD229195F6006FE616 /* StorageController.swift */; };
		4CFBF6C02291A76E006FE616 /* StoragesPreferencesViewController.swift in Sources */ = {isa = PBXBuildFile; fileRef = 4CFBF6BF2291A76E006FE616 /* StoragesPreferencesViewController.swift */; };
		4CFBF6C22291AA1B006FE616 /* StorageCellView.swift in Sources */ = {isa = PBXBuildFile; fileRef = 4CFBF6C12291AA1B006FE616 /* StorageCellView.swift */; };
		DA15093E2293E8C600567B54 /* Logger.swift in Sources */ = {isa = PBXBuildFile; fileRef = DA418289228BF77100A79D54 /* Logger.swift */; };
		DA15093F2293E8C900567B54 /* DicomError.swift in Sources */ = {isa = PBXBuildFile; fileRef = 4C53D70D227DAB4B0003724F /* DicomError.swift */; };
		DA41828A228BF77100A79D54 /* Logger.swift in Sources */ = {isa = PBXBuildFile; fileRef = DA418289228BF77100A79D54 /* Logger.swift */; };
		DA41828D228C2B7200A79D54 /* PreferencesTabViewController.swift in Sources */ = {isa = PBXBuildFile; fileRef = DA41828B228C2B7200A79D54 /* PreferencesTabViewController.swift */; };
		DA418290228C2C7700A79D54 /* PreferencesWindowViewController.swift in Sources */ = {isa = PBXBuildFile; fileRef = DA41828F228C2C7700A79D54 /* PreferencesWindowViewController.swift */; };
		DABE9BC6228AEFBC0015655D /* Socket.framework in Copy Frameworks */ = {isa = PBXBuildFile; fileRef = 4C5F9B372248DC5E0076DA82 /* Socket.framework */; settings = {ATTRIBUTES = (CodeSignOnCopy, RemoveHeadersOnCopy, ); }; };
		DABE9BC9228B07710015655D /* DateExtensions.swift in Sources */ = {isa = PBXBuildFile; fileRef = DABE9BC8228B07710015655D /* DateExtensions.swift */; };
		DAE005A1228D852A002CCB47 /* RemotesPreferencesViewController.swift in Sources */ = {isa = PBXBuildFile; fileRef = DAE005A0228D852A002CCB47 /* RemotesPreferencesViewController.swift */; };
		DAE005A8228DA929002CCB47 /* AdvancedPreferencesController.swift in Sources */ = {isa = PBXBuildFile; fileRef = DAE005A6228DA929002CCB47 /* AdvancedPreferencesController.swift */; };
/* End PBXBuildFile section */

/* Begin PBXContainerItemProxy section */
		4C3EF254226E3AD30062B5A3 /* PBXContainerItemProxy */ = {
			isa = PBXContainerItemProxy;
			containerPortal = 4CFF02501F960F0700E31D74 /* Project object */;
			proxyType = 1;
			remoteGlobalIDString = 4C8D798D1F989EB1008300E3;
			remoteInfo = DcmSwift;
		};
		4CCF6B291F9FABC3000579C7 /* PBXContainerItemProxy */ = {
			isa = PBXContainerItemProxy;
			containerPortal = 4CFF02501F960F0700E31D74 /* Project object */;
			proxyType = 1;
			remoteGlobalIDString = 4C8D798D1F989EB1008300E3;
			remoteInfo = DcmSwift;
		};
/* End PBXContainerItemProxy section */

/* Begin PBXCopyFilesBuildPhase section */
		4C3EF257226E3AD90062B5A3 /* CopyFiles */ = {
			isa = PBXCopyFilesBuildPhase;
			buildActionMask = 2147483647;
			dstPath = "";
			dstSubfolderSpec = 10;
			files = (
				4C3EF258226E3AE20062B5A3 /* DcmSwift.framework in CopyFiles */,
			);
			runOnlyForDeploymentPostprocessing = 0;
		};
		4C5F9B392248E1D80076DA82 /* Copy Frameworks */ = {
			isa = PBXCopyFilesBuildPhase;
			buildActionMask = 2147483647;
			dstPath = "";
			dstSubfolderSpec = 10;
			files = (
				DABE9BC6228AEFBC0015655D /* Socket.framework in Copy Frameworks */,
			);
			name = "Copy Frameworks";
			runOnlyForDeploymentPostprocessing = 0;
		};
		4CCF6B2C1F9FABCF000579C7 /* Copy Frameworks */ = {
			isa = PBXCopyFilesBuildPhase;
			buildActionMask = 2147483647;
			dstPath = "";
			dstSubfolderSpec = 10;
			files = (
				4CCF6B2D1F9FABDF000579C7 /* DcmSwift.framework in Copy Frameworks */,
			);
			name = "Copy Frameworks";
			runOnlyForDeploymentPostprocessing = 0;
		};
		4CCF8FA3224AB13B0032325C /* CopyFiles */ = {
			isa = PBXCopyFilesBuildPhase;
			buildActionMask = 2147483647;
			dstPath = "";
			dstSubfolderSpec = 10;
			files = (
				4CCF8FA5224AB1440032325C /* Socket.framework in CopyFiles */,
			);
			runOnlyForDeploymentPostprocessing = 0;
		};
/* End PBXCopyFilesBuildPhase section */

/* Begin PBXFileReference section */
		4C00FB521FC6205500E76466 /* Bridge-Header.h */ = {isa = PBXFileReference; lastKnownFileType = sourcecode.c.h; path = "Bridge-Header.h"; sourceTree = "<group>"; };
		4C18DBC92282062E000D105A /* RemoteQueryViewController.swift */ = {isa = PBXFileReference; lastKnownFileType = sourcecode.swift; path = RemoteQueryViewController.swift; sourceTree = "<group>"; xcLanguageSpecificationIdentifier = xcode.lang.swift; };
		4C38D7731FA0817D00633A5D /* MainSplitViewController.swift */ = {isa = PBXFileReference; lastKnownFileType = sourcecode.swift; path = MainSplitViewController.swift; sourceTree = "<group>"; };
		4C38D7751FA0922300633A5D /* InspectorViewController.swift */ = {isa = PBXFileReference; lastKnownFileType = sourcecode.swift; path = InspectorViewController.swift; sourceTree = "<group>"; };
		4C38D7771FA0B9B200633A5D /* FileViewController.swift */ = {isa = PBXFileReference; lastKnownFileType = sourcecode.swift; path = FileViewController.swift; sourceTree = "<group>"; };
		4C38D77B1FA0DCFF00633A5D /* FlippedStackView.swift */ = {isa = PBXFileReference; lastKnownFileType = sourcecode.swift; path = FlippedStackView.swift; sourceTree = "<group>"; };
		4C38D77D1FA11A7400633A5D /* ElementViewController.swift */ = {isa = PBXFileReference; lastKnownFileType = sourcecode.swift; path = ElementViewController.swift; sourceTree = "<group>"; };
		4C38D77F1FA12B1B00633A5D /* ConsoleSplitViewController.swift */ = {isa = PBXFileReference; lastKnownFileType = sourcecode.swift; path = ConsoleSplitViewController.swift; sourceTree = "<group>"; };
		4C38D7831FA1333200633A5D /* ConsoleViewController.swift */ = {isa = PBXFileReference; lastKnownFileType = sourcecode.swift; path = ConsoleViewController.swift; sourceTree = "<group>"; };
		4C3CD4781F9697DC00323E8A /* DicomFile.swift */ = {isa = PBXFileReference; lastKnownFileType = sourcecode.swift; path = DicomFile.swift; sourceTree = "<group>"; };
		4C3CD47A1F96981300323E8A /* DataSet.swift */ = {isa = PBXFileReference; lastKnownFileType = sourcecode.swift; path = DataSet.swift; sourceTree = "<group>"; };
		4C3CD47C1F96981D00323E8A /* DataElement.swift */ = {isa = PBXFileReference; lastKnownFileType = sourcecode.swift; path = DataElement.swift; sourceTree = "<group>"; };
		4C3EF241226E3AAC0062B5A3 /* MagiX.app */ = {isa = PBXFileReference; explicitFileType = wrapper.application; includeInIndex = 0; path = MagiX.app; sourceTree = BUILT_PRODUCTS_DIR; };
		4C3EF243226E3AAC0062B5A3 /* AppDelegate.swift */ = {isa = PBXFileReference; lastKnownFileType = sourcecode.swift; path = AppDelegate.swift; sourceTree = "<group>"; };
		4C3EF245226E3AAC0062B5A3 /* DataViewController.swift */ = {isa = PBXFileReference; lastKnownFileType = sourcecode.swift; path = DataViewController.swift; sourceTree = "<group>"; };
		4C3EF248226E3AAC0062B5A3 /* MagiX.xcdatamodel */ = {isa = PBXFileReference; lastKnownFileType = wrapper.xcdatamodel; path = MagiX.xcdatamodel; sourceTree = "<group>"; };
		4C3EF24A226E3AAD0062B5A3 /* Assets.xcassets */ = {isa = PBXFileReference; lastKnownFileType = folder.assetcatalog; path = Assets.xcassets; sourceTree = "<group>"; };
		4C3EF24D226E3AAD0062B5A3 /* Base */ = {isa = PBXFileReference; lastKnownFileType = file.storyboard; name = Base; path = Base.lproj/Main.storyboard; sourceTree = "<group>"; };
		4C3EF24F226E3AAD0062B5A3 /* Info.plist */ = {isa = PBXFileReference; lastKnownFileType = text.plist.xml; path = Info.plist; sourceTree = "<group>"; };
		4C3EF250226E3AAD0062B5A3 /* MagiX.entitlements */ = {isa = PBXFileReference; lastKnownFileType = text.plist.entitlements; path = MagiX.entitlements; sourceTree = "<group>"; };
		4C3EF259226E44D10062B5A3 /* DataController.swift */ = {isa = PBXFileReference; lastKnownFileType = sourcecode.swift; path = DataController.swift; sourceTree = "<group>"; };
		4C3EF25B226E5D650062B5A3 /* ImageViewController.swift */ = {isa = PBXFileReference; lastKnownFileType = sourcecode.swift; path = ImageViewController.swift; sourceTree = "<group>"; };
		4C52EEF01FA8876E001A05DF /* PictureViewController.swift */ = {isa = PBXFileReference; lastKnownFileType = sourcecode.swift; path = PictureViewController.swift; sourceTree = "<group>"; };
		4C53D6BD2274C5190003724F /* CollectionViewItem.swift */ = {isa = PBXFileReference; lastKnownFileType = sourcecode.swift; path = CollectionViewItem.swift; sourceTree = "<group>"; };
		4C53D6BE2274C5190003724F /* CollectionViewItem.xib */ = {isa = PBXFileReference; lastKnownFileType = file.xib; path = CollectionViewItem.xib; sourceTree = "<group>"; };
		4C53D6C12274E50D0003724F /* MetadataViewController.swift */ = {isa = PBXFileReference; lastKnownFileType = sourcecode.swift; path = MetadataViewController.swift; sourceTree = "<group>"; };
		4C53D6C82275A4EB0003724F /* LoadOperation.swift */ = {isa = PBXFileReference; lastKnownFileType = sourcecode.swift; path = LoadOperation.swift; sourceTree = "<group>"; };
		4C53D6CA2275B3200003724F /* SidebarViewController.swift */ = {isa = PBXFileReference; lastKnownFileType = sourcecode.swift; path = SidebarViewController.swift; sourceTree = "<group>"; };
		4C53D6CC2275B4A90003724F /* OperationCellView.swift */ = {isa = PBXFileReference; lastKnownFileType = sourcecode.swift; path = OperationCellView.swift; sourceTree = "<group>"; };
		4C53D6CE227760690003724F /* RemoteEditViewController.swift */ = {isa = PBXFileReference; lastKnownFileType = sourcecode.swift; path = RemoteEditViewController.swift; sourceTree = "<group>"; };
		4C53D6D02278F3AA0003724F /* RemoteViewController.swift */ = {isa = PBXFileReference; lastKnownFileType = sourcecode.swift; path = RemoteViewController.swift; sourceTree = "<group>"; };
		4C53D6DC2278F5F90003724F /* Remote.swift */ = {isa = PBXFileReference; lastKnownFileType = sourcecode.swift; path = Remote.swift; sourceTree = "<group>"; };
		4C53D6E1227B5BB50003724F /* ApplicationContext.swift */ = {isa = PBXFileReference; lastKnownFileType = sourcecode.swift; path = ApplicationContext.swift; sourceTree = "<group>"; };
		4C53D6E3227B61660003724F /* PDUMessage.swift */ = {isa = PBXFileReference; lastKnownFileType = sourcecode.swift; path = PDUMessage.swift; sourceTree = "<group>"; };
		4C53D6E5227B69BB0003724F /* PresentationContext.swift */ = {isa = PBXFileReference; lastKnownFileType = sourcecode.swift; path = PresentationContext.swift; sourceTree = "<group>"; };
		4C53D6E7227B6D0D0003724F /* UserInfo.swift */ = {isa = PBXFileReference; lastKnownFileType = sourcecode.swift; path = UserInfo.swift; sourceTree = "<group>"; };
		4C53D6EC227C42030003724F /* ItemType.swift */ = {isa = PBXFileReference; lastKnownFileType = sourcecode.swift; path = ItemType.swift; sourceTree = "<group>"; };
		4C53D6EE227C8B940003724F /* CommandField.swift */ = {isa = PBXFileReference; lastKnownFileType = sourcecode.swift; path = CommandField.swift; sourceTree = "<group>"; };
		4C53D6F0227CAF310003724F /* PDUType.swift */ = {isa = PBXFileReference; lastKnownFileType = sourcecode.swift; path = PDUType.swift; sourceTree = "<group>"; };
		4C53D6F2227CAFB20003724F /* AssociationAC.swift */ = {isa = PBXFileReference; lastKnownFileType = sourcecode.swift; path = AssociationAC.swift; sourceTree = "<group>"; };
		4C53D6F5227CB1100003724F /* AssociationRQ.swift */ = {isa = PBXFileReference; lastKnownFileType = sourcecode.swift; path = AssociationRQ.swift; sourceTree = "<group>"; };
		4C53D6F7227CB34D0003724F /* ReleaseRQ.swift */ = {isa = PBXFileReference; lastKnownFileType = sourcecode.swift; path = ReleaseRQ.swift; sourceTree = "<group>"; };
		4C53D6F9227CB3900003724F /* AssociationRJ.swift */ = {isa = PBXFileReference; lastKnownFileType = sourcecode.swift; path = AssociationRJ.swift; sourceTree = "<group>"; };
		4C53D6FB227CB3B00003724F /* ReleaseRP.swift */ = {isa = PBXFileReference; lastKnownFileType = sourcecode.swift; path = ReleaseRP.swift; sourceTree = "<group>"; };
		4C53D6FD227CB4480003724F /* DataTF.swift */ = {isa = PBXFileReference; lastKnownFileType = sourcecode.swift; path = DataTF.swift; sourceTree = "<group>"; };
		4C53D6FF227CB4650003724F /* Abort.swift */ = {isa = PBXFileReference; lastKnownFileType = sourcecode.swift; path = Abort.swift; sourceTree = "<group>"; };
		4C53D701227CB79C0003724F /* PDUDecoder.swift */ = {isa = PBXFileReference; lastKnownFileType = sourcecode.swift; path = PDUDecoder.swift; sourceTree = "<group>"; };
		4C53D703227CB83A0003724F /* CEchoRQ.swift */ = {isa = PBXFileReference; lastKnownFileType = sourcecode.swift; path = CEchoRQ.swift; sourceTree = "<group>"; };
		4C53D705227CB8B20003724F /* CFindRQ.swift */ = {isa = PBXFileReference; lastKnownFileType = sourcecode.swift; path = CFindRQ.swift; sourceTree = "<group>"; };
		4C53D707227CBA040003724F /* PDUEncoder.swift */ = {isa = PBXFileReference; lastKnownFileType = sourcecode.swift; path = PDUEncoder.swift; sourceTree = "<group>"; };
		4C53D70A227CD0770003724F /* CEchoRSP.swift */ = {isa = PBXFileReference; lastKnownFileType = sourcecode.swift; path = CEchoRSP.swift; sourceTree = "<group>"; };
		4C53D70D227DAB4B0003724F /* DicomError.swift */ = {isa = PBXFileReference; lastKnownFileType = sourcecode.swift; path = DicomError.swift; sourceTree = "<group>"; };
		4C53D70F227DD0880003724F /* CFindRSP.swift */ = {isa = PBXFileReference; lastKnownFileType = sourcecode.swift; path = CFindRSP.swift; sourceTree = "<group>"; };
		4C53D711227E1CEE0003724F /* AppDicomError.swift */ = {isa = PBXFileReference; lastKnownFileType = sourcecode.swift; path = AppDicomError.swift; sourceTree = "<group>"; };
		4C53D713227F4D440003724F /* DIMSEStatus.swift */ = {isa = PBXFileReference; lastKnownFileType = sourcecode.swift; path = DIMSEStatus.swift; sourceTree = "<group>"; };
		4C5792FA1FB71994003B1279 /* DocumentController.swift */ = {isa = PBXFileReference; lastKnownFileType = sourcecode.swift; path = DocumentController.swift; sourceTree = "<group>"; };
		4C5792FC1FB8709D003B1279 /* AddElementController.swift */ = {isa = PBXFileReference; lastKnownFileType = sourcecode.swift; path = AddElementController.swift; sourceTree = "<group>"; };
		4C5792FE1FB8A8A2003B1279 /* PreferencesWindowController.swift */ = {isa = PBXFileReference; lastKnownFileType = sourcecode.swift; path = PreferencesWindowController.swift; sourceTree = "<group>"; };
		4C5793001FB8AA65003B1279 /* PreferencesViewController.swift */ = {isa = PBXFileReference; lastKnownFileType = sourcecode.swift; path = PreferencesViewController.swift; sourceTree = "<group>"; };
		4C5BF0901FABB4730051F4FE /* DicomString.swift */ = {isa = PBXFileReference; lastKnownFileType = sourcecode.swift; path = DicomString.swift; sourceTree = "<group>"; };
		4C5F9B362248DBCD0076DA82 /* Cartfile */ = {isa = PBXFileReference; lastKnownFileType = text; path = Cartfile; sourceTree = "<group>"; };
		4C5F9B372248DC5E0076DA82 /* Socket.framework */ = {isa = PBXFileReference; lastKnownFileType = wrapper.framework; name = Socket.framework; path = Carthage/Build/Mac/Socket.framework; sourceTree = "<group>"; };
		4C5F9B3B2248E3870076DA82 /* EntitiesPrefViewController.swift */ = {isa = PBXFileReference; lastKnownFileType = sourcecode.swift; path = EntitiesPrefViewController.swift; sourceTree = "<group>"; };
		4C5F9B3D224911E30076DA82 /* GeneralPrefViewController.swift */ = {isa = PBXFileReference; lastKnownFileType = sourcecode.swift; path = GeneralPrefViewController.swift; sourceTree = "<group>"; };
		4C5F9B3F224913A10076DA82 /* NetworkPrefViewController.swift */ = {isa = PBXFileReference; lastKnownFileType = sourcecode.swift; path = NetworkPrefViewController.swift; sourceTree = "<group>"; };
		4C5F9B41224913C00076DA82 /* DicomPrefViewController.swift */ = {isa = PBXFileReference; lastKnownFileType = sourcecode.swift; path = DicomPrefViewController.swift; sourceTree = "<group>"; };
		4C5F9B43224935530076DA82 /* SendViewController.swift */ = {isa = PBXFileReference; lastKnownFileType = sourcecode.swift; path = SendViewController.swift; sourceTree = "<group>"; };
		4C76A9E9224814F30057350E /* CR-MONO1-10-chest */ = {isa = PBXFileReference; lastKnownFileType = file; path = "CR-MONO1-10-chest"; sourceTree = "<group>"; };
		4C76A9EA224814F30057350E /* MR-MONO2-16-knee */ = {isa = PBXFileReference; lastKnownFileType = file; path = "MR-MONO2-16-knee"; sourceTree = "<group>"; };
		4C76A9EB224814F30057350E /* NM-MONO2-16-13x-heart */ = {isa = PBXFileReference; lastKnownFileType = file; path = "NM-MONO2-16-13x-heart"; sourceTree = "<group>"; };
		4C76A9EC224814F30057350E /* CT-MONO2-16-ort */ = {isa = PBXFileReference; lastKnownFileType = file; path = "CT-MONO2-16-ort"; sourceTree = "<group>"; };
		4C76A9ED224814F30057350E /* MR-MONO2-12-angio-an1 */ = {isa = PBXFileReference; lastKnownFileType = file; path = "MR-MONO2-12-angio-an1"; sourceTree = "<group>"; };
		4C76A9EE224814F30057350E /* OT-MONO2-8-hip */ = {isa = PBXFileReference; lastKnownFileType = file; path = "OT-MONO2-8-hip"; sourceTree = "<group>"; };
		4C76A9EF224814F30057350E /* OT-PAL-8-face */ = {isa = PBXFileReference; lastKnownFileType = file; path = "OT-PAL-8-face"; sourceTree = "<group>"; };
		4C76A9F0224814F40057350E /* US-PAL-8-10x-echo */ = {isa = PBXFileReference; lastKnownFileType = file; path = "US-PAL-8-10x-echo"; sourceTree = "<group>"; };
		4C76A9F1224814F40057350E /* OT-MONO2-8-colon */ = {isa = PBXFileReference; lastKnownFileType = file; path = "OT-MONO2-8-colon"; sourceTree = "<group>"; };
		4C76A9F2224814F40057350E /* US-RGB-8-epicard */ = {isa = PBXFileReference; lastKnownFileType = file; path = "US-RGB-8-epicard"; sourceTree = "<group>"; };
		4C76A9F3224814F40057350E /* MR-MONO2-12-an2 */ = {isa = PBXFileReference; lastKnownFileType = file; path = "MR-MONO2-12-an2"; sourceTree = "<group>"; };
		4C76A9F4224814F40057350E /* CT-MONO2-16-chest */ = {isa = PBXFileReference; lastKnownFileType = file; path = "CT-MONO2-16-chest"; sourceTree = "<group>"; };
		4C76A9F5224814F40057350E /* CT-MONO2-12-lomb-an2 */ = {isa = PBXFileReference; lastKnownFileType = file; path = "CT-MONO2-12-lomb-an2"; sourceTree = "<group>"; };
		4C76A9F6224814F50057350E /* US-MONO2-8-8x-execho */ = {isa = PBXFileReference; lastKnownFileType = file; path = "US-MONO2-8-8x-execho"; sourceTree = "<group>"; };
		4C76A9F7224814F50057350E /* CT-MONO2-16-brain */ = {isa = PBXFileReference; lastKnownFileType = file; path = "CT-MONO2-16-brain"; sourceTree = "<group>"; };
		4C76A9F8224814F50057350E /* US-RGB-8-esopecho */ = {isa = PBXFileReference; lastKnownFileType = file; path = "US-RGB-8-esopecho"; sourceTree = "<group>"; };
		4C76A9F9224814F50057350E /* MR-MONO2-8-16x-heart */ = {isa = PBXFileReference; lastKnownFileType = file; path = "MR-MONO2-8-16x-heart"; sourceTree = "<group>"; };
		4C76A9FA224814F50057350E /* OT-MONO2-8-a7 */ = {isa = PBXFileReference; lastKnownFileType = file; path = "OT-MONO2-8-a7"; sourceTree = "<group>"; };
		4C76A9FB224814F50057350E /* MR-MONO2-16-head */ = {isa = PBXFileReference; lastKnownFileType = file; path = "MR-MONO2-16-head"; sourceTree = "<group>"; };
		4C76A9FC224814F50057350E /* XA-MONO2-8-12x-catheter */ = {isa = PBXFileReference; lastKnownFileType = file; path = "XA-MONO2-8-12x-catheter"; sourceTree = "<group>"; };
		4C76A9FD224814F60057350E /* CT-MONO2-8-abdo */ = {isa = PBXFileReference; lastKnownFileType = file; path = "CT-MONO2-8-abdo"; sourceTree = "<group>"; };
		4C76A9FE224814F60057350E /* MR-MONO2-12-shoulder */ = {isa = PBXFileReference; lastKnownFileType = file; path = "MR-MONO2-12-shoulder"; sourceTree = "<group>"; };
		4C76A9FF224814F60057350E /* CT-MONO2-16-ankle */ = {isa = PBXFileReference; lastKnownFileType = file; path = "CT-MONO2-16-ankle"; sourceTree = "<group>"; };
		4C783E6A1F969DC500E46F30 /* DicomData.swift */ = {isa = PBXFileReference; lastKnownFileType = sourcecode.swift; path = DicomData.swift; sourceTree = "<group>"; };
		4C7B78D01FA1485B005BB2A2 /* DicomDate.swift */ = {isa = PBXFileReference; lastKnownFileType = sourcecode.swift; path = DicomDate.swift; sourceTree = "<group>"; };
		4C7B78D41FA23FAC005BB2A2 /* DataTag.swift */ = {isa = PBXFileReference; lastKnownFileType = sourcecode.swift; path = DataTag.swift; sourceTree = "<group>"; };
		4C8D79851F97D84A008300E3 /* DataSequence.swift */ = {isa = PBXFileReference; lastKnownFileType = sourcecode.swift; path = DataSequence.swift; sourceTree = "<group>"; };
		4C8D79871F97D859008300E3 /* DataItem.swift */ = {isa = PBXFileReference; indentWidth = 4; lastKnownFileType = sourcecode.swift; path = DataItem.swift; sourceTree = "<group>"; };
		4C8D798E1F989EB1008300E3 /* DcmSwift.framework */ = {isa = PBXFileReference; explicitFileType = wrapper.framework; includeInIndex = 0; path = DcmSwift.framework; sourceTree = BUILT_PRODUCTS_DIR; };
		4C8D79901F989EB1008300E3 /* DcmSwift.h */ = {isa = PBXFileReference; lastKnownFileType = sourcecode.c.h; path = DcmSwift.h; sourceTree = "<group>"; };
		4C8D79911F989EB1008300E3 /* Info.plist */ = {isa = PBXFileReference; lastKnownFileType = text.plist.xml; path = Info.plist; sourceTree = "<group>"; };
		4C8D79A71F98A69B008300E3 /* DicomSpec.swift */ = {isa = PBXFileReference; lastKnownFileType = sourcecode.swift; path = DicomSpec.swift; sourceTree = "<group>"; };
		4C91251E2282E4A500210165 /* OperationsController.swift */ = {isa = PBXFileReference; lastKnownFileType = sourcecode.swift; path = OperationsController.swift; sourceTree = "<group>"; };
		4C9125202282EA0E00210165 /* FindOperation.swift */ = {isa = PBXFileReference; lastKnownFileType = sourcecode.swift; path = FindOperation.swift; sourceTree = "<group>"; };
		4C9125222282F14000210165 /* DirectoryEditViewController.swift */ = {isa = PBXFileReference; lastKnownFileType = sourcecode.swift; path = DirectoryEditViewController.swift; sourceTree = "<group>"; };
		4C9125242282F2A300210165 /* SmartDirectoryEditViewController.swift */ = {isa = PBXFileReference; lastKnownFileType = sourcecode.swift; path = SmartDirectoryEditViewController.swift; sourceTree = "<group>"; };
		4C99796E1FA71DEF00C90494 /* PixelSequence.swift */ = {isa = PBXFileReference; lastKnownFileType = sourcecode.swift; path = PixelSequence.swift; sourceTree = "<group>"; };
		4C99798F1FA75B3600C90494 /* DicomObject.swift */ = {isa = PBXFileReference; lastKnownFileType = sourcecode.swift; path = DicomObject.swift; sourceTree = "<group>"; };
		4C9979961FA7720300C90494 /* DicomImage.swift */ = {isa = PBXFileReference; lastKnownFileType = sourcecode.swift; path = DicomImage.swift; sourceTree = "<group>"; };
		4C9979991FA78EF800C90494 /* AppKit.framework */ = {isa = PBXFileReference; lastKnownFileType = wrapper.framework; name = AppKit.framework; path = System/Library/Frameworks/AppKit.framework; sourceTree = SDKROOT; };
		4CA071792283693B006227E1 /* CStoreRQ.swift */ = {isa = PBXFileReference; lastKnownFileType = sourcecode.swift; path = CStoreRQ.swift; sourceTree = "<group>"; };
		4CA0717B22836946006227E1 /* CStoreRSP.swift */ = {isa = PBXFileReference; lastKnownFileType = sourcecode.swift; path = CStoreRSP.swift; sourceTree = "<group>"; };
		4CA0717D22836BC9006227E1 /* DicomServer.swift */ = {isa = PBXFileReference; lastKnownFileType = sourcecode.swift; path = DicomServer.swift; sourceTree = "<group>"; };
		4CA36BFB2256922F0024313B /* MyPlayground.playground */ = {isa = PBXFileReference; lastKnownFileType = file.playground; path = MyPlayground.playground; sourceTree = "<group>"; xcLanguageSpecificationIdentifier = xcode.lang.swift; };
		4CA4051E1FA67DF3006F8053 /* DcmSwiftTests.xctest */ = {isa = PBXFileReference; explicitFileType = wrapper.cfbundle; includeInIndex = 0; path = DcmSwiftTests.xctest; sourceTree = BUILT_PRODUCTS_DIR; };
		4CA405201FA67DF3006F8053 /* DcmSwiftTests.swift */ = {isa = PBXFileReference; lastKnownFileType = sourcecode.swift; path = DcmSwiftTests.swift; sourceTree = "<group>"; };
		4CA405221FA67DF3006F8053 /* Info.plist */ = {isa = PBXFileReference; lastKnownFileType = text.plist.xml; path = Info.plist; sourceTree = "<group>"; };
		4CB9C9A01FB248C000C5356B /* ExportViewController.swift */ = {isa = PBXFileReference; lastKnownFileType = sourcecode.swift; path = ExportViewController.swift; sourceTree = "<group>"; };
		4CCF6B171F9FABBA000579C7 /* DicomiX.app */ = {isa = PBXFileReference; explicitFileType = wrapper.application; includeInIndex = 0; path = DicomiX.app; sourceTree = BUILT_PRODUCTS_DIR; };
		4CCF6B191F9FABBA000579C7 /* AppDelegate.swift */ = {isa = PBXFileReference; lastKnownFileType = sourcecode.swift; path = AppDelegate.swift; sourceTree = "<group>"; };
		4CCF6B1B1F9FABBA000579C7 /* DatasetViewController.swift */ = {isa = PBXFileReference; lastKnownFileType = sourcecode.swift; path = DatasetViewController.swift; sourceTree = "<group>"; };
		4CCF6B1D1F9FABBA000579C7 /* DicomDocument.swift */ = {isa = PBXFileReference; lastKnownFileType = sourcecode.swift; path = DicomDocument.swift; sourceTree = "<group>"; };
		4CCF6B1F1F9FABBA000579C7 /* Assets.xcassets */ = {isa = PBXFileReference; lastKnownFileType = folder.assetcatalog; path = Assets.xcassets; sourceTree = "<group>"; };
		4CCF6B221F9FABBA000579C7 /* Base */ = {isa = PBXFileReference; lastKnownFileType = file.storyboard; name = Base; path = Base.lproj/Main.storyboard; sourceTree = "<group>"; };
		4CCF6B241F9FABBA000579C7 /* Info.plist */ = {isa = PBXFileReference; lastKnownFileType = text.plist.xml; path = Info.plist; sourceTree = "<group>"; };
		4CCF6B251F9FABBA000579C7 /* DicomiX.entitlements */ = {isa = PBXFileReference; lastKnownFileType = text.plist.entitlements; path = DicomiX.entitlements; sourceTree = "<group>"; };
		4CCF6B2E1F9FB285000579C7 /* WindowController.swift */ = {isa = PBXFileReference; lastKnownFileType = sourcecode.swift; path = WindowController.swift; sourceTree = "<group>"; };
		4CCF8F9F224AAAE60032325C /* ExportDICOMViewController.swift */ = {isa = PBXFileReference; lastKnownFileType = sourcecode.swift; path = ExportDICOMViewController.swift; sourceTree = "<group>"; };
		4CD0BEE32242A63A0024C357 /* DicomAssociation.swift */ = {isa = PBXFileReference; lastKnownFileType = sourcecode.swift; path = DicomAssociation.swift; sourceTree = "<group>"; };
		4CD0BEE52242B15B0024C357 /* DicomEntity.swift */ = {isa = PBXFileReference; lastKnownFileType = sourcecode.swift; path = DicomEntity.swift; sourceTree = "<group>"; };
		4CD0BEE7224401670024C357 /* DicomConstants.swift */ = {isa = PBXFileReference; lastKnownFileType = sourcecode.swift; path = DicomConstants.swift; sourceTree = "<group>"; };
		4CECD64A2240F3440087AF0D /* DocumentsViewController.swift */ = {isa = PBXFileReference; lastKnownFileType = sourcecode.swift; path = DocumentsViewController.swift; sourceTree = "<group>"; };
		4CECD64C22415EE90087AF0D /* DicomClient.swift */ = {isa = PBXFileReference; lastKnownFileType = sourcecode.swift; path = DicomClient.swift; sourceTree = "<group>"; };
		4CECD64E22415F5A0087AF0D /* DicomService.swift */ = {isa = PBXFileReference; lastKnownFileType = sourcecode.swift; path = DicomService.swift; sourceTree = "<group>"; };
		4CFBF6AE228C61C7006FE616 /* SendOperation.swift */ = {isa = PBXFileReference; lastKnownFileType = sourcecode.swift; path = SendOperation.swift; sourceTree = "<group>"; };
		4CFBF6B122907A29006FE616 /* ServerController.swift */ = {isa = PBXFileReference; lastKnownFileType = sourcecode.swift; path = ServerController.swift; sourceTree = "<group>"; };
		4CFBF6B522908CC3006FE616 /* ListenerPreferencesViewController.swift */ = {isa = PBXFileReference; fileEncoding = 4; lastKnownFileType = sourcecode.swift; path = ListenerPreferencesViewController.swift; sourceTree = "<group>"; };
		4CFBF6BB22917413006FE616 /* ServiceItemCellView.swift */ = {isa = PBXFileReference; lastKnownFileType = sourcecode.swift; path = ServiceItemCellView.swift; sourceTree = "<group>"; };
		4CFBF6BD229195F6006FE616 /* StorageController.swift */ = {isa = PBXFileReference; lastKnownFileType = sourcecode.swift; path = StorageController.swift; sourceTree = "<group>"; };
		4CFBF6BF2291A76E006FE616 /* StoragesPreferencesViewController.swift */ = {isa = PBXFileReference; lastKnownFileType = sourcecode.swift; path = StoragesPreferencesViewController.swift; sourceTree = "<group>"; };
		4CFBF6C12291AA1B006FE616 /* StorageCellView.swift */ = {isa = PBXFileReference; lastKnownFileType = sourcecode.swift; path = StorageCellView.swift; sourceTree = "<group>"; };
		DA418289228BF77100A79D54 /* Logger.swift */ = {isa = PBXFileReference; lastKnownFileType = sourcecode.swift; path = Logger.swift; sourceTree = "<group>"; };
		DA41828B228C2B7200A79D54 /* PreferencesTabViewController.swift */ = {isa = PBXFileReference; lastKnownFileType = sourcecode.swift; path = PreferencesTabViewController.swift; sourceTree = "<group>"; };
		DA41828F228C2C7700A79D54 /* PreferencesWindowViewController.swift */ = {isa = PBXFileReference; lastKnownFileType = sourcecode.swift; path = PreferencesWindowViewController.swift; sourceTree = "<group>"; };
		DABE9BC3228AEBEB0015655D /* README */ = {isa = PBXFileReference; lastKnownFileType = text; path = README; sourceTree = "<group>"; };
		DABE9BC8228B07710015655D /* DateExtensions.swift */ = {isa = PBXFileReference; lastKnownFileType = sourcecode.swift; path = DateExtensions.swift; sourceTree = "<group>"; };
		DAE005A0228D852A002CCB47 /* RemotesPreferencesViewController.swift */ = {isa = PBXFileReference; lastKnownFileType = sourcecode.swift; path = RemotesPreferencesViewController.swift; sourceTree = "<group>"; };
		DAE005A6228DA929002CCB47 /* AdvancedPreferencesController.swift */ = {isa = PBXFileReference; lastKnownFileType = sourcecode.swift; path = AdvancedPreferencesController.swift; sourceTree = "<group>"; };
/* End PBXFileReference section */

/* Begin PBXFrameworksBuildPhase section */
		4C3EF23E226E3AAC0062B5A3 /* Frameworks */ = {
			isa = PBXFrameworksBuildPhase;
			buildActionMask = 2147483647;
			files = (
				4C3EF256226E3AD70062B5A3 /* DcmSwift.framework in Frameworks */,
			);
			runOnlyForDeploymentPostprocessing = 0;
		};
		4C8D798A1F989EB1008300E3 /* Frameworks */ = {
			isa = PBXFrameworksBuildPhase;
			buildActionMask = 2147483647;
			files = (
				4C5F9B382248DC5E0076DA82 /* Socket.framework in Frameworks */,
			);
			runOnlyForDeploymentPostprocessing = 0;
		};
		4CA4051B1FA67DF3006F8053 /* Frameworks */ = {
			isa = PBXFrameworksBuildPhase;
			buildActionMask = 2147483647;
			files = (
				4CA405231FA67DF3006F8053 /* DcmSwift.framework in Frameworks */,
				4CCF8FA2224AB0B20032325C /* Socket.framework in Frameworks */,
			);
			runOnlyForDeploymentPostprocessing = 0;
		};
		4CCF6B141F9FABBA000579C7 /* Frameworks */ = {
			isa = PBXFrameworksBuildPhase;
			buildActionMask = 2147483647;
			files = (
				4CCF6B2B1F9FABC7000579C7 /* DcmSwift.framework in Frameworks */,
			);
			runOnlyForDeploymentPostprocessing = 0;
		};
/* End PBXFrameworksBuildPhase section */

/* Begin PBXGroup section */
		4C3EF242226E3AAC0062B5A3 /* MagiX */ = {
			isa = PBXGroup;
			children = (
				4C53D6C32274E5150003724F /* App */,
				4C53D6C52274E5280003724F /* View Controllers */,
				4CFBF6B022907A09006FE616 /* Controllers */,
				4C53D6C62274E5390003724F /* Core Data */,
				4CFBF6AD228C61A1006FE616 /* Operations */,
				4CFBF6BA229173E1006FE616 /* TableCellView */,
				4C53D6C72274E5470003724F /* Resources */,
				4C3EF24F226E3AAD0062B5A3 /* Info.plist */,
			);
			path = MagiX;
			sourceTree = "<group>";
		};
		4C53D6C32274E5150003724F /* App */ = {
			isa = PBXGroup;
			children = (
				4C3EF243226E3AAC0062B5A3 /* AppDelegate.swift */,
				4C53D711227E1CEE0003724F /* AppDicomError.swift */,
			);
			path = App;
			sourceTree = "<group>";
		};
		4C53D6C52274E5280003724F /* View Controllers */ = {
			isa = PBXGroup;
			children = (
				4C53D6CA2275B3200003724F /* SidebarViewController.swift */,
				4C9125222282F14000210165 /* DirectoryEditViewController.swift */,
				4C9125242282F2A300210165 /* SmartDirectoryEditViewController.swift */,
				4C53D6CE227760690003724F /* RemoteEditViewController.swift */,
				4C3EF245226E3AAC0062B5A3 /* DataViewController.swift */,
				4C53D6D02278F3AA0003724F /* RemoteViewController.swift */,
				4C18DBC92282062E000D105A /* RemoteQueryViewController.swift */,
				4C3EF25B226E5D650062B5A3 /* ImageViewController.swift */,
				4C53D6C12274E50D0003724F /* MetadataViewController.swift */,
				4C53D6BD2274C5190003724F /* CollectionViewItem.swift */,
				4C53D6CC2275B4A90003724F /* OperationCellView.swift */,
				DA41828B228C2B7200A79D54 /* PreferencesTabViewController.swift */,
				DA41828F228C2C7700A79D54 /* PreferencesWindowViewController.swift */,
				4CFBF6BF2291A76E006FE616 /* StoragesPreferencesViewController.swift */,
				4CFBF6B522908CC3006FE616 /* ListenerPreferencesViewController.swift */,
				DAE005A0228D852A002CCB47 /* RemotesPreferencesViewController.swift */,
				DAE005A6228DA929002CCB47 /* AdvancedPreferencesController.swift */,
			);
			name = "View Controllers";
			path = "VIew Controllers";
			sourceTree = "<group>";
		};
		4C53D6C62274E5390003724F /* Core Data */ = {
			isa = PBXGroup;
			children = (
				4C53D6DC2278F5F90003724F /* Remote.swift */,
			);
			path = "Core Data";
			sourceTree = "<group>";
		};
		4C53D6C72274E5470003724F /* Resources */ = {
			isa = PBXGroup;
			children = (
				4C3EF24A226E3AAD0062B5A3 /* Assets.xcassets */,
				4C3EF24C226E3AAD0062B5A3 /* Main.storyboard */,
				4C53D6BE2274C5190003724F /* CollectionViewItem.xib */,
				4C3EF250226E3AAD0062B5A3 /* MagiX.entitlements */,
				4C3EF247226E3AAC0062B5A3 /* MagiX.xcdatamodeld */,
			);
			path = Resources;
			sourceTree = "<group>";
		};
		4C53D6E0227B5AC30003724F /* PDU */ = {
			isa = PBXGroup;
			children = (
				4C53D6F0227CAF310003724F /* PDUType.swift */,
				4C53D701227CB79C0003724F /* PDUDecoder.swift */,
				4C53D707227CBA040003724F /* PDUEncoder.swift */,
				4C53D6E3227B61660003724F /* PDUMessage.swift */,
				4C53D6EE227C8B940003724F /* CommandField.swift */,
				4C53D6EC227C42030003724F /* ItemType.swift */,
				4C53D713227F4D440003724F /* DIMSEStatus.swift */,
				4C53D709227CBAE00003724F /* Messages */,
				4C53D6F4227CAFCE0003724F /* Items */,
			);
			path = PDU;
			sourceTree = "<group>";
		};
		4C53D6E9227B8FAE0003724F /* Data */ = {
			isa = PBXGroup;
			children = (
				4C3CD47A1F96981300323E8A /* DataSet.swift */,
				4C3CD47C1F96981D00323E8A /* DataElement.swift */,
				4C8D79851F97D84A008300E3 /* DataSequence.swift */,
				4C8D79871F97D859008300E3 /* DataItem.swift */,
				4C7B78D41FA23FAC005BB2A2 /* DataTag.swift */,
				4C99796E1FA71DEF00C90494 /* PixelSequence.swift */,
			);
			path = Data;
			sourceTree = "<group>";
		};
		4C53D6F4227CAFCE0003724F /* Items */ = {
			isa = PBXGroup;
			children = (
				4C53D6E1227B5BB50003724F /* ApplicationContext.swift */,
				4C53D6E5227B69BB0003724F /* PresentationContext.swift */,
				4C53D6E7227B6D0D0003724F /* UserInfo.swift */,
			);
			path = Items;
			sourceTree = "<group>";
		};
		4C53D709227CBAE00003724F /* Messages */ = {
			isa = PBXGroup;
			children = (
				4C53D6F5227CB1100003724F /* AssociationRQ.swift */,
				4C53D6F2227CAFB20003724F /* AssociationAC.swift */,
				4C53D6F9227CB3900003724F /* AssociationRJ.swift */,
				4C53D6FD227CB4480003724F /* DataTF.swift */,
				4C53D6F7227CB34D0003724F /* ReleaseRQ.swift */,
				4C53D6FB227CB3B00003724F /* ReleaseRP.swift */,
				4C53D6FF227CB4650003724F /* Abort.swift */,
				4C53D70C227CD1270003724F /* DIMSE */,
			);
			path = Messages;
			sourceTree = "<group>";
		};
		4C53D70C227CD1270003724F /* DIMSE */ = {
			isa = PBXGroup;
			children = (
				4C53D703227CB83A0003724F /* CEchoRQ.swift */,
				4C53D70A227CD0770003724F /* CEchoRSP.swift */,
				4C53D705227CB8B20003724F /* CFindRQ.swift */,
				4C53D70F227DD0880003724F /* CFindRSP.swift */,
				4CA071792283693B006227E1 /* CStoreRQ.swift */,
				4CA0717B22836946006227E1 /* CStoreRSP.swift */,
			);
			path = DIMSE;
			sourceTree = "<group>";
		};
		4C8D798F1F989EB1008300E3 /* DcmSwift */ = {
			isa = PBXGroup;
			children = (
				4C8D79911F989EB1008300E3 /* Info.plist */,
				4CB832681FA2916100103A94 /* Header */,
				4C53D6E9227B8FAE0003724F /* Data */,
				4CECD652224165AC0087AF0D /* Foundation */,
				4CB832691FA2917300103A94 /* Networking */,
				4CECD653224165CF0087AF0D /* Graphics */,
				4CA36BFB2256922F0024313B /* MyPlayground.playground */,
			);
			path = DcmSwift;
			sourceTree = "<group>";
		};
		4C8D799E1F989EF4008300E3 /* Frameworks */ = {
			isa = PBXGroup;
			children = (
				4C5F9B372248DC5E0076DA82 /* Socket.framework */,
				4C9979991FA78EF800C90494 /* AppKit.framework */,
			);
			name = Frameworks;
			sourceTree = "<group>";
		};
		4C9979931FA75C8300C90494 /* Classes */ = {
			isa = PBXGroup;
			children = (
				4CCF6B191F9FABBA000579C7 /* AppDelegate.swift */,
				4CCF6B1D1F9FABBA000579C7 /* DicomDocument.swift */,
				4CCF6B2E1F9FB285000579C7 /* WindowController.swift */,
				4C5792FA1FB71994003B1279 /* DocumentController.swift */,
				4C38D7731FA0817D00633A5D /* MainSplitViewController.swift */,
				4C38D77F1FA12B1B00633A5D /* ConsoleSplitViewController.swift */,
				4CECD64A2240F3440087AF0D /* DocumentsViewController.swift */,
				4CCF6B1B1F9FABBA000579C7 /* DatasetViewController.swift */,
				4C38D7831FA1333200633A5D /* ConsoleViewController.swift */,
				4C38D7751FA0922300633A5D /* InspectorViewController.swift */,
				4C38D7771FA0B9B200633A5D /* FileViewController.swift */,
				4C38D77D1FA11A7400633A5D /* ElementViewController.swift */,
				4C52EEF01FA8876E001A05DF /* PictureViewController.swift */,
				4CB9C9A01FB248C000C5356B /* ExportViewController.swift */,
				4C5792FC1FB8709D003B1279 /* AddElementController.swift */,
				4C38D77B1FA0DCFF00633A5D /* FlippedStackView.swift */,
				4C5792FE1FB8A8A2003B1279 /* PreferencesWindowController.swift */,
				4C5793001FB8AA65003B1279 /* PreferencesViewController.swift */,
				4C5F9B3D224911E30076DA82 /* GeneralPrefViewController.swift */,
				4C5F9B3B2248E3870076DA82 /* EntitiesPrefViewController.swift */,
				4C5F9B3F224913A10076DA82 /* NetworkPrefViewController.swift */,
				4C5F9B41224913C00076DA82 /* DicomPrefViewController.swift */,
				4C5F9B43224935530076DA82 /* SendViewController.swift */,
				4CCF8F9F224AAAE60032325C /* ExportDICOMViewController.swift */,
			);
			path = Classes;
			sourceTree = "<group>";
		};
		4C9979941FA75C8D00C90494 /* Storyboards */ = {
			isa = PBXGroup;
			children = (
				4CCF6B211F9FABBA000579C7 /* Main.storyboard */,
			);
			path = Storyboards;
			sourceTree = "<group>";
		};
		4C9979951FA75C9D00C90494 /* Resources */ = {
			isa = PBXGroup;
			children = (
				4CCF6B1F1F9FABBA000579C7 /* Assets.xcassets */,
				4CCF6B251F9FABBA000579C7 /* DicomiX.entitlements */,
			);
			path = Resources;
			sourceTree = "<group>";
		};
		4CA4051F1FA67DF3006F8053 /* DcmSwiftTests */ = {
			isa = PBXGroup;
			children = (
				4CA4052D1FA67FF3006F8053 /* Test Files */,
				4C00FB521FC6205500E76466 /* Bridge-Header.h */,
				4CA405201FA67DF3006F8053 /* DcmSwiftTests.swift */,
				4CA405221FA67DF3006F8053 /* Info.plist */,
			);
			path = DcmSwiftTests;
			sourceTree = "<group>";
		};
		4CA4052D1FA67FF3006F8053 /* Test Files */ = {
			isa = PBXGroup;
			children = (
				4C76A9E9224814F30057350E /* CR-MONO1-10-chest */,
				4C76A9FD224814F60057350E /* CT-MONO2-8-abdo */,
				4C76A9F5224814F40057350E /* CT-MONO2-12-lomb-an2 */,
				4C76A9FF224814F60057350E /* CT-MONO2-16-ankle */,
				4C76A9F7224814F50057350E /* CT-MONO2-16-brain */,
				4C76A9F4224814F40057350E /* CT-MONO2-16-chest */,
				4C76A9EC224814F30057350E /* CT-MONO2-16-ort */,
				4C76A9F9224814F50057350E /* MR-MONO2-8-16x-heart */,
				4C76A9F3224814F40057350E /* MR-MONO2-12-an2 */,
				4C76A9ED224814F30057350E /* MR-MONO2-12-angio-an1 */,
				4C76A9FE224814F60057350E /* MR-MONO2-12-shoulder */,
				4C76A9FB224814F50057350E /* MR-MONO2-16-head */,
				4C76A9EA224814F30057350E /* MR-MONO2-16-knee */,
				4C76A9EB224814F30057350E /* NM-MONO2-16-13x-heart */,
				4C76A9FA224814F50057350E /* OT-MONO2-8-a7 */,
				4C76A9F1224814F40057350E /* OT-MONO2-8-colon */,
				4C76A9EE224814F30057350E /* OT-MONO2-8-hip */,
				4C76A9EF224814F30057350E /* OT-PAL-8-face */,
				4C76A9F6224814F50057350E /* US-MONO2-8-8x-execho */,
				4C76A9F0224814F40057350E /* US-PAL-8-10x-echo */,
				4C76A9F2224814F40057350E /* US-RGB-8-epicard */,
				4C76A9F8224814F50057350E /* US-RGB-8-esopecho */,
				4C76A9FC224814F50057350E /* XA-MONO2-8-12x-catheter */,
			);
			path = "Test Files";
			sourceTree = "<group>";
		};
		4CB832681FA2916100103A94 /* Header */ = {
			isa = PBXGroup;
			children = (
				4C8D79901F989EB1008300E3 /* DcmSwift.h */,
			);
			path = Header;
			sourceTree = "<group>";
		};
		4CB832691FA2917300103A94 /* Networking */ = {
			isa = PBXGroup;
			children = (
				4C53D6E0227B5AC30003724F /* PDU */,
				4CD0BEE32242A63A0024C357 /* DicomAssociation.swift */,
				4CECD64E22415F5A0087AF0D /* DicomService.swift */,
				4CECD64C22415EE90087AF0D /* DicomClient.swift */,
				4CA0717D22836BC9006227E1 /* DicomServer.swift */,
				4CD0BEE52242B15B0024C357 /* DicomEntity.swift */,
			);
			path = Networking;
			sourceTree = "<group>";
		};
		4CCF6B181F9FABBA000579C7 /* DicomiX */ = {
			isa = PBXGroup;
			children = (
				4C9979931FA75C8300C90494 /* Classes */,
				DABE9BC7228B07420015655D /* Extensions */,
				4C9979941FA75C8D00C90494 /* Storyboards */,
				4C9979951FA75C9D00C90494 /* Resources */,
				4CCF6B241F9FABBA000579C7 /* Info.plist */,
			);
			path = DicomiX;
			sourceTree = "<group>";
		};
		4CECD652224165AC0087AF0D /* Foundation */ = {
			isa = PBXGroup;
			children = (
				4C3CD4781F9697DC00323E8A /* DicomFile.swift */,
				4C7B78D01FA1485B005BB2A2 /* DicomDate.swift */,
				4C783E6A1F969DC500E46F30 /* DicomData.swift */,
				4C5BF0901FABB4730051F4FE /* DicomString.swift */,
				4C99798F1FA75B3600C90494 /* DicomObject.swift */,
				4C53D70D227DAB4B0003724F /* DicomError.swift */,
				4C8D79A71F98A69B008300E3 /* DicomSpec.swift */,
				4CD0BEE7224401670024C357 /* DicomConstants.swift */,
				DA418289228BF77100A79D54 /* Logger.swift */,
			);
			path = Foundation;
			sourceTree = "<group>";
		};
		4CECD653224165CF0087AF0D /* Graphics */ = {
			isa = PBXGroup;
			children = (
				4C9979961FA7720300C90494 /* DicomImage.swift */,
			);
			path = Graphics;
			sourceTree = "<group>";
		};
		4CFBF6AD228C61A1006FE616 /* Operations */ = {
			isa = PBXGroup;
			children = (
				4C91251E2282E4A500210165 /* OperationsController.swift */,
				4C53D6C82275A4EB0003724F /* LoadOperation.swift */,
				4C9125202282EA0E00210165 /* FindOperation.swift */,
				4CFBF6AE228C61C7006FE616 /* SendOperation.swift */,
			);
			path = Operations;
			sourceTree = "<group>";
		};
		4CFBF6B022907A09006FE616 /* Controllers */ = {
			isa = PBXGroup;
			children = (
				4C3EF259226E44D10062B5A3 /* DataController.swift */,
				4CFBF6BD229195F6006FE616 /* StorageController.swift */,
				4CFBF6B122907A29006FE616 /* ServerController.swift */,
			);
			path = Controllers;
			sourceTree = "<group>";
		};
		4CFBF6BA229173E1006FE616 /* TableCellView */ = {
			isa = PBXGroup;
			children = (
				4CFBF6BB22917413006FE616 /* ServiceItemCellView.swift */,
				4CFBF6C12291AA1B006FE616 /* StorageCellView.swift */,
			);
			path = TableCellView;
			sourceTree = "<group>";
		};
		4CFF024F1F960F0700E31D74 = {
			isa = PBXGroup;
			children = (
				DABE9BC3228AEBEB0015655D /* README */,
				4CCF6B181F9FABBA000579C7 /* DicomiX */,
				4C3EF242226E3AAC0062B5A3 /* MagiX */,
				4C8D798F1F989EB1008300E3 /* DcmSwift */,
				4CA4051F1FA67DF3006F8053 /* DcmSwiftTests */,
				4CFF02591F960F0700E31D74 /* Products */,
				4C8D799E1F989EF4008300E3 /* Frameworks */,
				4C5F9B362248DBCD0076DA82 /* Cartfile */,
			);
			sourceTree = "<group>";
		};
		4CFF02591F960F0700E31D74 /* Products */ = {
			isa = PBXGroup;
			children = (
				4C8D798E1F989EB1008300E3 /* DcmSwift.framework */,
				4CCF6B171F9FABBA000579C7 /* DicomiX.app */,
				4CA4051E1FA67DF3006F8053 /* DcmSwiftTests.xctest */,
				4C3EF241226E3AAC0062B5A3 /* MagiX.app */,
			);
			name = Products;
			sourceTree = "<group>";
		};
		DABE9BC7228B07420015655D /* Extensions */ = {
			isa = PBXGroup;
			children = (
				DABE9BC8228B07710015655D /* DateExtensions.swift */,
			);
			path = Extensions;
			sourceTree = "<group>";
		};
/* End PBXGroup section */

/* Begin PBXHeadersBuildPhase section */
		4C00FB531FC621AF00E76466 /* Headers */ = {
			isa = PBXHeadersBuildPhase;
			buildActionMask = 2147483647;
			files = (
				4C00FB541FC621BB00E76466 /* Bridge-Header.h in Headers */,
			);
			runOnlyForDeploymentPostprocessing = 0;
		};
		4C8D798B1F989EB1008300E3 /* Headers */ = {
			isa = PBXHeadersBuildPhase;
			buildActionMask = 2147483647;
			files = (
				4C8D79921F989EB1008300E3 /* DcmSwift.h in Headers */,
			);
			runOnlyForDeploymentPostprocessing = 0;
		};
/* End PBXHeadersBuildPhase section */

/* Begin PBXNativeTarget section */
		4C3EF240226E3AAC0062B5A3 /* MagiX */ = {
			isa = PBXNativeTarget;
			buildConfigurationList = 4C3EF251226E3AAD0062B5A3 /* Build configuration list for PBXNativeTarget "MagiX" */;
			buildPhases = (
				4C3EF23D226E3AAC0062B5A3 /* Sources */,
				4C3EF23E226E3AAC0062B5A3 /* Frameworks */,
				4C3EF23F226E3AAC0062B5A3 /* Resources */,
				4C3EF257226E3AD90062B5A3 /* CopyFiles */,
			);
			buildRules = (
			);
			dependencies = (
				4C3EF255226E3AD30062B5A3 /* PBXTargetDependency */,
			);
			name = MagiX;
			productName = MagiX;
			productReference = 4C3EF241226E3AAC0062B5A3 /* MagiX.app */;
			productType = "com.apple.product-type.application";
		};
		4C8D798D1F989EB1008300E3 /* DcmSwift */ = {
			isa = PBXNativeTarget;
			buildConfigurationList = 4C8D79931F989EB1008300E3 /* Build configuration list for PBXNativeTarget "DcmSwift" */;
			buildPhases = (
				4C8D79891F989EB1008300E3 /* Sources */,
				4C8D798A1F989EB1008300E3 /* Frameworks */,
				4C8D798B1F989EB1008300E3 /* Headers */,
				4C8D798C1F989EB1008300E3 /* Resources */,
				4C5F9B392248E1D80076DA82 /* Copy Frameworks */,
			);
			buildRules = (
			);
			dependencies = (
			);
			name = DcmSwift;
			productName = DcmSwift;
			productReference = 4C8D798E1F989EB1008300E3 /* DcmSwift.framework */;
			productType = "com.apple.product-type.framework";
		};
		4CA4051D1FA67DF3006F8053 /* DcmSwiftTests */ = {
			isa = PBXNativeTarget;
			buildConfigurationList = 4CA405281FA67DF3006F8053 /* Build configuration list for PBXNativeTarget "DcmSwiftTests" */;
			buildPhases = (
				4CA4051A1FA67DF3006F8053 /* Sources */,
				4CA4051B1FA67DF3006F8053 /* Frameworks */,
				4C00FB531FC621AF00E76466 /* Headers */,
				4CA4051C1FA67DF3006F8053 /* Resources */,
				4CCF8FA3224AB13B0032325C /* CopyFiles */,
			);
			buildRules = (
			);
			dependencies = (
			);
			name = DcmSwiftTests;
			productName = DcmSwiftTests;
			productReference = 4CA4051E1FA67DF3006F8053 /* DcmSwiftTests.xctest */;
			productType = "com.apple.product-type.bundle.unit-test";
		};
		4CCF6B161F9FABBA000579C7 /* DicomiX */ = {
			isa = PBXNativeTarget;
			buildConfigurationList = 4CCF6B281F9FABBA000579C7 /* Build configuration list for PBXNativeTarget "DicomiX" */;
			buildPhases = (
				4CCF6B131F9FABBA000579C7 /* Sources */,
				4CCF6B141F9FABBA000579C7 /* Frameworks */,
				4CCF6B151F9FABBA000579C7 /* Resources */,
				4CCF6B2C1F9FABCF000579C7 /* Copy Frameworks */,
			);
			buildRules = (
			);
			dependencies = (
				4CCF6B2A1F9FABC3000579C7 /* PBXTargetDependency */,
			);
			name = DicomiX;
			productName = DicomiX;
			productReference = 4CCF6B171F9FABBA000579C7 /* DicomiX.app */;
			productType = "com.apple.product-type.application";
		};
/* End PBXNativeTarget section */

/* Begin PBXProject section */
		4CFF02501F960F0700E31D74 /* Project object */ = {
			isa = PBXProject;
			attributes = {
				LastSwiftUpdateCheck = 1010;
				LastUpgradeCheck = 1010;
				ORGANIZATIONNAME = "Read-Write.fr";
				TargetAttributes = {
					4C3EF240226E3AAC0062B5A3 = {
						CreatedOnToolsVersion = 10.1;
						ProvisioningStyle = Automatic;
						SystemCapabilities = {
							com.apple.Sandbox = {
								enabled = 0;
							};
						};
					};
					4C8D798D1F989EB1008300E3 = {
						CreatedOnToolsVersion = 9.0.1;
						LastSwiftMigration = 1010;
						ProvisioningStyle = Automatic;
					};
					4CA4051D1FA67DF3006F8053 = {
						CreatedOnToolsVersion = 9.0.1;
						LastSwiftMigration = 1010;
						ProvisioningStyle = Automatic;
					};
					4CCF6B161F9FABBA000579C7 = {
						CreatedOnToolsVersion = 9.0.1;
						LastSwiftMigration = 1010;
						ProvisioningStyle = Automatic;
						SystemCapabilities = {
							com.apple.Sandbox = {
								enabled = 1;
							};
						};
					};
				};
			};
			buildConfigurationList = 4CFF02531F960F0700E31D74 /* Build configuration list for PBXProject "DcmSwift" */;
			compatibilityVersion = "Xcode 8.0";
			developmentRegion = en;
			hasScannedForEncodings = 0;
			knownRegions = (
				en,
				Base,
			);
			mainGroup = 4CFF024F1F960F0700E31D74;
			productRefGroup = 4CFF02591F960F0700E31D74 /* Products */;
			projectDirPath = "";
			projectRoot = "";
			targets = (
				4CCF6B161F9FABBA000579C7 /* DicomiX */,
				4C3EF240226E3AAC0062B5A3 /* MagiX */,
				4C8D798D1F989EB1008300E3 /* DcmSwift */,
				4CA4051D1FA67DF3006F8053 /* DcmSwiftTests */,
			);
		};
/* End PBXProject section */

/* Begin PBXResourcesBuildPhase section */
		4C3EF23F226E3AAC0062B5A3 /* Resources */ = {
			isa = PBXResourcesBuildPhase;
			buildActionMask = 2147483647;
			files = (
				4C3EF24B226E3AAD0062B5A3 /* Assets.xcassets in Resources */,
				4C3EF24E226E3AAD0062B5A3 /* Main.storyboard in Resources */,
				4C53D6C02274C5190003724F /* CollectionViewItem.xib in Resources */,
			);
			runOnlyForDeploymentPostprocessing = 0;
		};
		4C8D798C1F989EB1008300E3 /* Resources */ = {
			isa = PBXResourcesBuildPhase;
			buildActionMask = 2147483647;
			files = (
			);
			runOnlyForDeploymentPostprocessing = 0;
		};
		4CA4051C1FA67DF3006F8053 /* Resources */ = {
			isa = PBXResourcesBuildPhase;
			buildActionMask = 2147483647;
			files = (
				4C76AA11224814F60057350E /* OT-MONO2-8-a7 in Resources */,
				4C76AA0B224814F60057350E /* CT-MONO2-16-chest in Resources */,
				4C76AA05224814F60057350E /* OT-MONO2-8-hip in Resources */,
				4C76AA08224814F60057350E /* OT-MONO2-8-colon in Resources */,
				4C76AA04224814F60057350E /* MR-MONO2-12-angio-an1 in Resources */,
				4C76AA07224814F60057350E /* US-PAL-8-10x-echo in Resources */,
				4C76AA16224814F60057350E /* CT-MONO2-16-ankle in Resources */,
				4C76AA10224814F60057350E /* MR-MONO2-8-16x-heart in Resources */,
				4C76AA0A224814F60057350E /* MR-MONO2-12-an2 in Resources */,
				4C76AA03224814F60057350E /* CT-MONO2-16-ort in Resources */,
				4C76AA14224814F60057350E /* CT-MONO2-8-abdo in Resources */,
				4C76AA12224814F60057350E /* MR-MONO2-16-head in Resources */,
				4C76AA00224814F60057350E /* CR-MONO1-10-chest in Resources */,
				4C76AA01224814F60057350E /* MR-MONO2-16-knee in Resources */,
				4C76AA0F224814F60057350E /* US-RGB-8-esopecho in Resources */,
				4C76AA06224814F60057350E /* OT-PAL-8-face in Resources */,
				4C76AA13224814F60057350E /* XA-MONO2-8-12x-catheter in Resources */,
				4C76AA15224814F60057350E /* MR-MONO2-12-shoulder in Resources */,
				4C76AA09224814F60057350E /* US-RGB-8-epicard in Resources */,
				4C76AA02224814F60057350E /* NM-MONO2-16-13x-heart in Resources */,
				4C76AA0E224814F60057350E /* CT-MONO2-16-brain in Resources */,
				4C76AA0C224814F60057350E /* CT-MONO2-12-lomb-an2 in Resources */,
				4C76AA0D224814F60057350E /* US-MONO2-8-8x-execho in Resources */,
			);
			runOnlyForDeploymentPostprocessing = 0;
		};
		4CCF6B151F9FABBA000579C7 /* Resources */ = {
			isa = PBXResourcesBuildPhase;
			buildActionMask = 2147483647;
			files = (
				4CCF6B201F9FABBA000579C7 /* Assets.xcassets in Resources */,
				4CCF6B231F9FABBA000579C7 /* Main.storyboard in Resources */,
			);
			runOnlyForDeploymentPostprocessing = 0;
		};
/* End PBXResourcesBuildPhase section */

/* Begin PBXSourcesBuildPhase section */
		4C3EF23D226E3AAC0062B5A3 /* Sources */ = {
			isa = PBXSourcesBuildPhase;
			buildActionMask = 2147483647;
			files = (
				4C9125212282EA0E00210165 /* FindOperation.swift in Sources */,
				DAE005A1228D852A002CCB47 /* RemotesPreferencesViewController.swift in Sources */,
				4C9125252282F2A300210165 /* SmartDirectoryEditViewController.swift in Sources */,
				4C53D6DE2278F5F90003724F /* Remote.swift in Sources */,
				4C3EF246226E3AAC0062B5A3 /* DataViewController.swift in Sources */,
				4C3EF25A226E44D10062B5A3 /* DataController.swift in Sources */,
				DA41828D228C2B7200A79D54 /* PreferencesTabViewController.swift in Sources */,
				4C3EF25C226E5D650062B5A3 /* ImageViewController.swift in Sources */,
				4C18DBCA2282062E000D105A /* RemoteQueryViewController.swift in Sources */,
				4C53D6C22274E50D0003724F /* MetadataViewController.swift in Sources */,
				4C53D6D22278F3AA0003724F /* RemoteViewController.swift in Sources */,
				4C3EF244226E3AAC0062B5A3 /* AppDelegate.swift in Sources */,
				4CFBF6BC22917413006FE616 /* ServiceItemCellView.swift in Sources */,
				4C3EF249226E3AAC0062B5A3 /* MagiX.xcdatamodeld in Sources */,
				4CFBF6C22291AA1B006FE616 /* StorageCellView.swift in Sources */,
				4C53D6CD2275B4A90003724F /* OperationCellView.swift in Sources */,
				4C53D6BF2274C5190003724F /* CollectionViewItem.swift in Sources */,
				4CFBF6B622908CC3006FE616 /* ListenerPreferencesViewController.swift in Sources */,
				4C53D6CB2275B3200003724F /* SidebarViewController.swift in Sources */,
				4C53D712227E1CEE0003724F /* AppDicomError.swift in Sources */,
				4CFBF6BE229195F6006FE616 /* StorageController.swift in Sources */,
				4CFBF6C02291A76E006FE616 /* StoragesPreferencesViewController.swift in Sources */,
				DA418290228C2C7700A79D54 /* PreferencesWindowViewController.swift in Sources */,
				4C9125232282F14000210165 /* DirectoryEditViewController.swift in Sources */,
				4C91251F2282E4A500210165 /* OperationsController.swift in Sources */,
				4CFBF6B222907A29006FE616 /* ServerController.swift in Sources */,
				4CFBF6AF228C61C7006FE616 /* SendOperation.swift in Sources */,
				DAE005A8228DA929002CCB47 /* AdvancedPreferencesController.swift in Sources */,
				4C53D6C92275A4EB0003724F /* LoadOperation.swift in Sources */,
				4C53D6CF227760690003724F /* RemoteEditViewController.swift in Sources */,
			);
			runOnlyForDeploymentPostprocessing = 0;
		};
		4C8D79891F989EB1008300E3 /* Sources */ = {
			isa = PBXSourcesBuildPhase;
			buildActionMask = 2147483647;
			files = (
				4C8D799B1F989EDD008300E3 /* DataSequence.swift in Sources */,
				4C53D70E227DAB4B0003724F /* DicomError.swift in Sources */,
				4C53D714227F4D440003724F /* DIMSEStatus.swift in Sources */,
				4C8D79971F989EDD008300E3 /* DicomFile.swift in Sources */,
				4C8D799A1F989EDD008300E3 /* DataSet.swift in Sources */,
				4CECD64D22415EE90087AF0D /* DicomClient.swift in Sources */,
				4CECD64F22415F5A0087AF0D /* DicomService.swift in Sources */,
				4C53D6F1227CAF310003724F /* PDUType.swift in Sources */,
				4C8D79981F989EDD008300E3 /* DataElement.swift in Sources */,
				4C53D710227DD0880003724F /* CFindRSP.swift in Sources */,
				4C53D6F3227CAFB20003724F /* AssociationAC.swift in Sources */,
				4C53D6E8227B6D0D0003724F /* UserInfo.swift in Sources */,
				4C7B78D11FA1485B005BB2A2 /* DicomDate.swift in Sources */,
				4C8D79991F989EDD008300E3 /* DicomData.swift in Sources */,
				4C53D6EF227C8B940003724F /* CommandField.swift in Sources */,
				4C8D79961F989EDD008300E3 /* DataItem.swift in Sources */,
				4CA0717E22836BC9006227E1 /* DicomServer.swift in Sources */,
				4C5BF0911FABB4730051F4FE /* DicomString.swift in Sources */,
				4C53D6FC227CB3B00003724F /* ReleaseRP.swift in Sources */,
				4C9979901FA75B3600C90494 /* DicomObject.swift in Sources */,
				4C53D6E4227B61660003724F /* PDUMessage.swift in Sources */,
				4C7B78D61FA28002005BB2A2 /* DataTag.swift in Sources */,
				4CD0BEE42242A63A0024C357 /* DicomAssociation.swift in Sources */,
				DA41828A228BF77100A79D54 /* Logger.swift in Sources */,
				4C53D706227CB8B20003724F /* CFindRQ.swift in Sources */,
				4C53D6F6227CB1100003724F /* AssociationRQ.swift in Sources */,
				4C53D704227CB83A0003724F /* CEchoRQ.swift in Sources */,
				4C53D702227CB79C0003724F /* PDUDecoder.swift in Sources */,
				4C53D6F8227CB34D0003724F /* ReleaseRQ.swift in Sources */,
				4C53D708227CBA040003724F /* PDUEncoder.swift in Sources */,
				4C99796F1FA71DEF00C90494 /* PixelSequence.swift in Sources */,
				4CA0717C22836946006227E1 /* CStoreRSP.swift in Sources */,
				4C53D6ED227C42030003724F /* ItemType.swift in Sources */,
				4C9979971FA7720300C90494 /* DicomImage.swift in Sources */,
				4CD0BEE8224401670024C357 /* DicomConstants.swift in Sources */,
				4CA0717A2283693B006227E1 /* CStoreRQ.swift in Sources */,
				4C53D6E6227B69BB0003724F /* PresentationContext.swift in Sources */,
				4C53D70B227CD0770003724F /* CEchoRSP.swift in Sources */,
				4C53D6E2227B5BB50003724F /* ApplicationContext.swift in Sources */,
				4C53D6FE227CB4480003724F /* DataTF.swift in Sources */,
				4C53D700227CB4650003724F /* Abort.swift in Sources */,
				4C8D79AA1F98AB0D008300E3 /* DicomSpec.swift in Sources */,
				4C53D6FA227CB3900003724F /* AssociationRJ.swift in Sources */,
				4CD0BEE62242B15B0024C357 /* DicomEntity.swift in Sources */,
			);
			runOnlyForDeploymentPostprocessing = 0;
		};
		4CA4051A1FA67DF3006F8053 /* Sources */ = {
			isa = PBXSourcesBuildPhase;
			buildActionMask = 2147483647;
			files = (
				4CA405211FA67DF3006F8053 /* DcmSwiftTests.swift in Sources */,
				4C5BF0841FABA5E80051F4FE /* DataSet.swift in Sources */,
				4C5BF0851FABA5E80051F4FE /* DataElement.swift in Sources */,
				4C5BF0861FABA5E80051F4FE /* DataSequence.swift in Sources */,
				4C5BF0871FABA5E80051F4FE /* DataItem.swift in Sources */,
				4C5BF0881FABA5E80051F4FE /* DataTag.swift in Sources */,
				4C5BF0891FABA5E80051F4FE /* PixelSequence.swift in Sources */,
				DA15093E2293E8C600567B54 /* Logger.swift in Sources */,
				4C5BF08A1FABA5E80051F4FE /* DicomFile.swift in Sources */,
				DA15093F2293E8C900567B54 /* DicomError.swift in Sources */,
				4C5BF08B1FABA5E80051F4FE /* DicomImage.swift in Sources */,
				4C5BF08C1FABA5E80051F4FE /* DicomDate.swift in Sources */,
				4C5BF08D1FABA5E80051F4FE /* DicomData.swift in Sources */,
				4C5BF0921FABB4730051F4FE /* DicomString.swift in Sources */,
				4C76A9E722480F5E0057350E /* DicomConstants.swift in Sources */,
				4C5BF08E1FABA5E80051F4FE /* DicomObject.swift in Sources */,
				4C5BF08F1FABA5E80051F4FE /* DicomSpec.swift in Sources */,
			);
			runOnlyForDeploymentPostprocessing = 0;
		};
		4CCF6B131F9FABBA000579C7 /* Sources */ = {
			isa = PBXSourcesBuildPhase;
			buildActionMask = 2147483647;
			files = (
				4C38D7741FA0817D00633A5D /* MainSplitViewController.swift in Sources */,
				4C52EEF11FA8876E001A05DF /* PictureViewController.swift in Sources */,
				4C5793011FB8AA65003B1279 /* PreferencesViewController.swift in Sources */,
				4C5792FB1FB71994003B1279 /* DocumentController.swift in Sources */,
				4C5F9B42224913C00076DA82 /* DicomPrefViewController.swift in Sources */,
				4C5F9B44224935530076DA82 /* SendViewController.swift in Sources */,
				4CCF6B1C1F9FABBA000579C7 /* DatasetViewController.swift in Sources */,
				4C38D7841FA1333200633A5D /* ConsoleViewController.swift in Sources */,
				4C5792FD1FB8709D003B1279 /* AddElementController.swift in Sources */,
				4CCF6B2F1F9FB285000579C7 /* WindowController.swift in Sources */,
				4CCF6B1A1F9FABBA000579C7 /* AppDelegate.swift in Sources */,
				DABE9BC9228B07710015655D /* DateExtensions.swift in Sources */,
				4CB9C9A11FB248C000C5356B /* ExportViewController.swift in Sources */,
				4C38D7761FA0922300633A5D /* InspectorViewController.swift in Sources */,
				4C38D77E1FA11A7400633A5D /* ElementViewController.swift in Sources */,
				4C5F9B3E224911E30076DA82 /* GeneralPrefViewController.swift in Sources */,
				4CCF8FA0224AAAE60032325C /* ExportDICOMViewController.swift in Sources */,
				4C5F9B40224913A10076DA82 /* NetworkPrefViewController.swift in Sources */,
				4CCF6B1E1F9FABBA000579C7 /* DicomDocument.swift in Sources */,
				4C5792FF1FB8A8A2003B1279 /* PreferencesWindowController.swift in Sources */,
				4C38D7791FA0B9B200633A5D /* FileViewController.swift in Sources */,
				4CECD64B2240F3440087AF0D /* DocumentsViewController.swift in Sources */,
				4C38D7801FA12B1B00633A5D /* ConsoleSplitViewController.swift in Sources */,
				4C38D77C1FA0DCFF00633A5D /* FlippedStackView.swift in Sources */,
				4C5F9B3C2248E3870076DA82 /* EntitiesPrefViewController.swift in Sources */,
			);
			runOnlyForDeploymentPostprocessing = 0;
		};
/* End PBXSourcesBuildPhase section */

/* Begin PBXTargetDependency section */
		4C3EF255226E3AD30062B5A3 /* PBXTargetDependency */ = {
			isa = PBXTargetDependency;
			target = 4C8D798D1F989EB1008300E3 /* DcmSwift */;
			targetProxy = 4C3EF254226E3AD30062B5A3 /* PBXContainerItemProxy */;
		};
		4CCF6B2A1F9FABC3000579C7 /* PBXTargetDependency */ = {
			isa = PBXTargetDependency;
			target = 4C8D798D1F989EB1008300E3 /* DcmSwift */;
			targetProxy = 4CCF6B291F9FABC3000579C7 /* PBXContainerItemProxy */;
		};
/* End PBXTargetDependency section */

/* Begin PBXVariantGroup section */
		4C3EF24C226E3AAD0062B5A3 /* Main.storyboard */ = {
			isa = PBXVariantGroup;
			children = (
				4C3EF24D226E3AAD0062B5A3 /* Base */,
			);
			name = Main.storyboard;
			sourceTree = "<group>";
		};
		4CCF6B211F9FABBA000579C7 /* Main.storyboard */ = {
			isa = PBXVariantGroup;
			children = (
				4CCF6B221F9FABBA000579C7 /* Base */,
			);
			name = Main.storyboard;
			sourceTree = "<group>";
		};
/* End PBXVariantGroup section */

/* Begin XCBuildConfiguration section */
		4C3EF252226E3AAD0062B5A3 /* Debug */ = {
			isa = XCBuildConfiguration;
			buildSettings = {
				ASSETCATALOG_COMPILER_APPICON_NAME = AppIcon;
				CLANG_ENABLE_OBJC_WEAK = YES;
				CODE_SIGN_IDENTITY = "-";
				CODE_SIGN_STYLE = Automatic;
				COMBINE_HIDPI_IMAGES = YES;
				DEVELOPMENT_TEAM = "";
				INFOPLIST_FILE = MagiX/Info.plist;
				LD_RUNPATH_SEARCH_PATHS = "$(inherited) @executable_path/../Frameworks";
				MACOSX_DEPLOYMENT_TARGET = 10.13;
				MTL_ENABLE_DEBUG_INFO = INCLUDE_SOURCE;
				MTL_FAST_MATH = YES;
				PRODUCT_BUNDLE_IDENTIFIER = pro.opale.MagiX;
				PRODUCT_NAME = "$(TARGET_NAME)";
				PROVISIONING_PROFILE_SPECIFIER = "";
				SWIFT_VERSION = 4.2;
			};
			name = Debug;
		};
		4C3EF253226E3AAD0062B5A3 /* Release */ = {
			isa = XCBuildConfiguration;
			buildSettings = {
				ASSETCATALOG_COMPILER_APPICON_NAME = AppIcon;
				CLANG_ENABLE_OBJC_WEAK = YES;
				CODE_SIGN_IDENTITY = "-";
				CODE_SIGN_STYLE = Automatic;
				COMBINE_HIDPI_IMAGES = YES;
				DEVELOPMENT_TEAM = "";
				INFOPLIST_FILE = MagiX/Info.plist;
				LD_RUNPATH_SEARCH_PATHS = "$(inherited) @executable_path/../Frameworks";
				MACOSX_DEPLOYMENT_TARGET = 10.13;
				MTL_FAST_MATH = YES;
				PRODUCT_BUNDLE_IDENTIFIER = pro.opale.MagiX;
				PRODUCT_NAME = "$(TARGET_NAME)";
				PROVISIONING_PROFILE_SPECIFIER = "";
				SWIFT_VERSION = 4.2;
			};
			name = Release;
		};
		4C8D79941F989EB1008300E3 /* Debug */ = {
			isa = XCBuildConfiguration;
			buildSettings = {
				CODE_SIGN_IDENTITY = "-";
				CODE_SIGN_STYLE = Automatic;
				COMBINE_HIDPI_IMAGES = YES;
				CURRENT_PROJECT_VERSION = 1;
				DEFINES_MODULE = YES;
				DEVELOPMENT_TEAM = JSVJHJ78QE;
				DYLIB_COMPATIBILITY_VERSION = 1;
				DYLIB_CURRENT_VERSION = 1;
				DYLIB_INSTALL_NAME_BASE = "@rpath";
				FRAMEWORK_SEARCH_PATHS = (
					"$(inherited)",
					"$(PROJECT_DIR)/Carthage/Build/Mac",
				);
				FRAMEWORK_VERSION = A;
				INFOPLIST_FILE = DcmSwift/Info.plist;
				INSTALL_PATH = "$(LOCAL_LIBRARY_DIR)/Frameworks";
				LD_RUNPATH_SEARCH_PATHS = "$(inherited) @executable_path/../Frameworks @loader_path/Frameworks";
				MACOSX_DEPLOYMENT_TARGET = 10.11;
				PRODUCT_BUNDLE_IDENTIFIER = "fr.read-write.DcmSwift";
				PRODUCT_NAME = "$(TARGET_NAME:c99extidentifier)";
				PROVISIONING_PROFILE_SPECIFIER = "";
				SKIP_INSTALL = YES;
				SWIFT_VERSION = 4.2;
				VERSIONING_SYSTEM = "apple-generic";
				VERSION_INFO_PREFIX = "";
			};
			name = Debug;
		};
		4C8D79951F989EB1008300E3 /* Release */ = {
			isa = XCBuildConfiguration;
			buildSettings = {
				CODE_SIGN_IDENTITY = "-";
				CODE_SIGN_STYLE = Automatic;
				COMBINE_HIDPI_IMAGES = YES;
				CURRENT_PROJECT_VERSION = 1;
				DEFINES_MODULE = YES;
				DEVELOPMENT_TEAM = JSVJHJ78QE;
				DYLIB_COMPATIBILITY_VERSION = 1;
				DYLIB_CURRENT_VERSION = 1;
				DYLIB_INSTALL_NAME_BASE = "@rpath";
				FRAMEWORK_SEARCH_PATHS = (
					"$(inherited)",
					"$(PROJECT_DIR)/Carthage/Build/Mac",
				);
				FRAMEWORK_VERSION = A;
				INFOPLIST_FILE = DcmSwift/Info.plist;
				INSTALL_PATH = "$(LOCAL_LIBRARY_DIR)/Frameworks";
				LD_RUNPATH_SEARCH_PATHS = "$(inherited) @executable_path/../Frameworks @loader_path/Frameworks";
				MACOSX_DEPLOYMENT_TARGET = 10.11;
				PRODUCT_BUNDLE_IDENTIFIER = "fr.read-write.DcmSwift";
				PRODUCT_NAME = "$(TARGET_NAME:c99extidentifier)";
				PROVISIONING_PROFILE_SPECIFIER = "";
				SKIP_INSTALL = YES;
				SWIFT_VERSION = 4.2;
				VERSIONING_SYSTEM = "apple-generic";
				VERSION_INFO_PREFIX = "";
			};
			name = Release;
		};
		4CA405261FA67DF3006F8053 /* Debug */ = {
			isa = XCBuildConfiguration;
			buildSettings = {
				CODE_SIGN_IDENTITY = "-";
				CODE_SIGN_STYLE = Automatic;
				COMBINE_HIDPI_IMAGES = YES;
				DEVELOPMENT_TEAM = "";
				FRAMEWORK_SEARCH_PATHS = (
					"$(inherited)",
					"$(PROJECT_DIR)/Carthage/Build/Mac",
				);
				INFOPLIST_FILE = DcmSwiftTests/Info.plist;
				LD_RUNPATH_SEARCH_PATHS = "$(inherited) @executable_path/../Frameworks @loader_path/../Frameworks";
				PRODUCT_BUNDLE_IDENTIFIER = "fr.read-write.DcmSwiftTests";
				PRODUCT_NAME = "$(TARGET_NAME)";
				PROVISIONING_PROFILE_SPECIFIER = "";
				SWIFT_VERSION = 4.2;
			};
			name = Debug;
		};
		4CA405271FA67DF3006F8053 /* Release */ = {
			isa = XCBuildConfiguration;
			buildSettings = {
				CODE_SIGN_IDENTITY = "-";
				CODE_SIGN_STYLE = Automatic;
				COMBINE_HIDPI_IMAGES = YES;
				DEVELOPMENT_TEAM = "";
				FRAMEWORK_SEARCH_PATHS = (
					"$(inherited)",
					"$(PROJECT_DIR)/Carthage/Build/Mac",
				);
				INFOPLIST_FILE = DcmSwiftTests/Info.plist;
				LD_RUNPATH_SEARCH_PATHS = "$(inherited) @executable_path/../Frameworks @loader_path/../Frameworks";
				PRODUCT_BUNDLE_IDENTIFIER = "fr.read-write.DcmSwiftTests";
				PRODUCT_NAME = "$(TARGET_NAME)";
				PROVISIONING_PROFILE_SPECIFIER = "";
				SWIFT_VERSION = 4.2;
			};
			name = Release;
		};
		4CCF6B261F9FABBA000579C7 /* Debug */ = {
			isa = XCBuildConfiguration;
			buildSettings = {
				ASSETCATALOG_COMPILER_APPICON_NAME = AppIcon;
				CODE_SIGN_ENTITLEMENTS = DicomiX/Resources/DicomiX.entitlements;
				CODE_SIGN_IDENTITY = "-";
				CODE_SIGN_STYLE = Automatic;
				COMBINE_HIDPI_IMAGES = YES;
				DEVELOPMENT_TEAM = JSVJHJ78QE;
				INFOPLIST_FILE = DicomiX/Info.plist;
				LD_RUNPATH_SEARCH_PATHS = "$(inherited) @executable_path/../Frameworks";
				MACOSX_DEPLOYMENT_TARGET = 10.11;
				PRODUCT_BUNDLE_IDENTIFIER = "fr.read-write.DicomiX";
				PRODUCT_NAME = "$(TARGET_NAME)";
				PROVISIONING_PROFILE_SPECIFIER = "";
				SWIFT_VERSION = 4.2;
			};
			name = Debug;
		};
		4CCF6B271F9FABBA000579C7 /* Release */ = {
			isa = XCBuildConfiguration;
			buildSettings = {
				ASSETCATALOG_COMPILER_APPICON_NAME = AppIcon;
				CODE_SIGN_ENTITLEMENTS = DicomiX/Resources/DicomiX.entitlements;
				CODE_SIGN_IDENTITY = "-";
				CODE_SIGN_STYLE = Automatic;
				COMBINE_HIDPI_IMAGES = YES;
				DEVELOPMENT_TEAM = JSVJHJ78QE;
				INFOPLIST_FILE = DicomiX/Info.plist;
				LD_RUNPATH_SEARCH_PATHS = "$(inherited) @executable_path/../Frameworks";
				MACOSX_DEPLOYMENT_TARGET = 10.11;
				PRODUCT_BUNDLE_IDENTIFIER = "fr.read-write.DicomiX";
				PRODUCT_NAME = "$(TARGET_NAME)";
				PROVISIONING_PROFILE_SPECIFIER = "";
				SWIFT_VERSION = 4.2;
			};
			name = Release;
		};
		4CFF025D1F960F0800E31D74 /* Debug */ = {
			isa = XCBuildConfiguration;
			buildSettings = {
				ALWAYS_SEARCH_USER_PATHS = NO;
				CLANG_ANALYZER_NONNULL = YES;
				CLANG_ANALYZER_NUMBER_OBJECT_CONVERSION = YES_AGGRESSIVE;
				CLANG_CXX_LANGUAGE_STANDARD = "gnu++14";
				CLANG_CXX_LIBRARY = "libc++";
				CLANG_ENABLE_MODULES = YES;
				CLANG_ENABLE_OBJC_ARC = YES;
				CLANG_WARN_BLOCK_CAPTURE_AUTORELEASING = YES;
				CLANG_WARN_BOOL_CONVERSION = YES;
				CLANG_WARN_COMMA = YES;
				CLANG_WARN_CONSTANT_CONVERSION = YES;
				CLANG_WARN_DEPRECATED_OBJC_IMPLEMENTATIONS = YES;
				CLANG_WARN_DIRECT_OBJC_ISA_USAGE = YES_ERROR;
				CLANG_WARN_DOCUMENTATION_COMMENTS = YES;
				CLANG_WARN_EMPTY_BODY = YES;
				CLANG_WARN_ENUM_CONVERSION = YES;
				CLANG_WARN_INFINITE_RECURSION = YES;
				CLANG_WARN_INT_CONVERSION = YES;
				CLANG_WARN_NON_LITERAL_NULL_CONVERSION = YES;
				CLANG_WARN_OBJC_IMPLICIT_RETAIN_SELF = YES;
				CLANG_WARN_OBJC_LITERAL_CONVERSION = YES;
				CLANG_WARN_OBJC_ROOT_CLASS = YES_ERROR;
				CLANG_WARN_RANGE_LOOP_ANALYSIS = YES;
				CLANG_WARN_STRICT_PROTOTYPES = YES;
				CLANG_WARN_SUSPICIOUS_MOVE = YES;
				CLANG_WARN_UNGUARDED_AVAILABILITY = YES_AGGRESSIVE;
				CLANG_WARN_UNREACHABLE_CODE = YES;
				CLANG_WARN__DUPLICATE_METHOD_MATCH = YES;
				CODE_SIGN_IDENTITY = "Mac Developer";
				COPY_PHASE_STRIP = NO;
				DEBUG_INFORMATION_FORMAT = dwarf;
				ENABLE_STRICT_OBJC_MSGSEND = YES;
				ENABLE_TESTABILITY = YES;
				GCC_C_LANGUAGE_STANDARD = gnu11;
				GCC_DYNAMIC_NO_PIC = NO;
				GCC_NO_COMMON_BLOCKS = YES;
				GCC_OPTIMIZATION_LEVEL = 0;
				GCC_PREPROCESSOR_DEFINITIONS = (
					"DEBUG=1",
					"$(inherited)",
				);
				GCC_WARN_64_TO_32_BIT_CONVERSION = YES;
				GCC_WARN_ABOUT_RETURN_TYPE = YES_ERROR;
				GCC_WARN_UNDECLARED_SELECTOR = YES;
				GCC_WARN_UNINITIALIZED_AUTOS = YES_AGGRESSIVE;
				GCC_WARN_UNUSED_FUNCTION = YES;
				GCC_WARN_UNUSED_VARIABLE = YES;
				MACOSX_DEPLOYMENT_TARGET = 10.12;
				MTL_ENABLE_DEBUG_INFO = YES;
				ONLY_ACTIVE_ARCH = YES;
				SDKROOT = macosx;
				SWIFT_ACTIVE_COMPILATION_CONDITIONS = DEBUG;
				SWIFT_OPTIMIZATION_LEVEL = "-Onone";
			};
			name = Debug;
		};
		4CFF025E1F960F0800E31D74 /* Release */ = {
			isa = XCBuildConfiguration;
			buildSettings = {
				ALWAYS_SEARCH_USER_PATHS = NO;
				CLANG_ANALYZER_NONNULL = YES;
				CLANG_ANALYZER_NUMBER_OBJECT_CONVERSION = YES_AGGRESSIVE;
				CLANG_CXX_LANGUAGE_STANDARD = "gnu++14";
				CLANG_CXX_LIBRARY = "libc++";
				CLANG_ENABLE_MODULES = YES;
				CLANG_ENABLE_OBJC_ARC = YES;
				CLANG_WARN_BLOCK_CAPTURE_AUTORELEASING = YES;
				CLANG_WARN_BOOL_CONVERSION = YES;
				CLANG_WARN_COMMA = YES;
				CLANG_WARN_CONSTANT_CONVERSION = YES;
				CLANG_WARN_DEPRECATED_OBJC_IMPLEMENTATIONS = YES;
				CLANG_WARN_DIRECT_OBJC_ISA_USAGE = YES_ERROR;
				CLANG_WARN_DOCUMENTATION_COMMENTS = YES;
				CLANG_WARN_EMPTY_BODY = YES;
				CLANG_WARN_ENUM_CONVERSION = YES;
				CLANG_WARN_INFINITE_RECURSION = YES;
				CLANG_WARN_INT_CONVERSION = YES;
				CLANG_WARN_NON_LITERAL_NULL_CONVERSION = YES;
				CLANG_WARN_OBJC_IMPLICIT_RETAIN_SELF = YES;
				CLANG_WARN_OBJC_LITERAL_CONVERSION = YES;
				CLANG_WARN_OBJC_ROOT_CLASS = YES_ERROR;
				CLANG_WARN_RANGE_LOOP_ANALYSIS = YES;
				CLANG_WARN_STRICT_PROTOTYPES = YES;
				CLANG_WARN_SUSPICIOUS_MOVE = YES;
				CLANG_WARN_UNGUARDED_AVAILABILITY = YES_AGGRESSIVE;
				CLANG_WARN_UNREACHABLE_CODE = YES;
				CLANG_WARN__DUPLICATE_METHOD_MATCH = YES;
				CODE_SIGN_IDENTITY = "Mac Developer";
				COPY_PHASE_STRIP = NO;
				DEBUG_INFORMATION_FORMAT = "dwarf-with-dsym";
				ENABLE_NS_ASSERTIONS = NO;
				ENABLE_STRICT_OBJC_MSGSEND = YES;
				GCC_C_LANGUAGE_STANDARD = gnu11;
				GCC_NO_COMMON_BLOCKS = YES;
				GCC_WARN_64_TO_32_BIT_CONVERSION = YES;
				GCC_WARN_ABOUT_RETURN_TYPE = YES_ERROR;
				GCC_WARN_UNDECLARED_SELECTOR = YES;
				GCC_WARN_UNINITIALIZED_AUTOS = YES_AGGRESSIVE;
				GCC_WARN_UNUSED_FUNCTION = YES;
				GCC_WARN_UNUSED_VARIABLE = YES;
				MACOSX_DEPLOYMENT_TARGET = 10.12;
				MTL_ENABLE_DEBUG_INFO = NO;
				SDKROOT = macosx;
				SWIFT_OPTIMIZATION_LEVEL = "-Owholemodule";
			};
			name = Release;
		};
/* End XCBuildConfiguration section */

/* Begin XCConfigurationList section */
		4C3EF251226E3AAD0062B5A3 /* Build configuration list for PBXNativeTarget "MagiX" */ = {
			isa = XCConfigurationList;
			buildConfigurations = (
				4C3EF252226E3AAD0062B5A3 /* Debug */,
				4C3EF253226E3AAD0062B5A3 /* Release */,
			);
			defaultConfigurationIsVisible = 0;
			defaultConfigurationName = Release;
		};
		4C8D79931F989EB1008300E3 /* Build configuration list for PBXNativeTarget "DcmSwift" */ = {
			isa = XCConfigurationList;
			buildConfigurations = (
				4C8D79941F989EB1008300E3 /* Debug */,
				4C8D79951F989EB1008300E3 /* Release */,
			);
			defaultConfigurationIsVisible = 0;
			defaultConfigurationName = Release;
		};
		4CA405281FA67DF3006F8053 /* Build configuration list for PBXNativeTarget "DcmSwiftTests" */ = {
			isa = XCConfigurationList;
			buildConfigurations = (
				4CA405261FA67DF3006F8053 /* Debug */,
				4CA405271FA67DF3006F8053 /* Release */,
			);
			defaultConfigurationIsVisible = 0;
			defaultConfigurationName = Release;
		};
		4CCF6B281F9FABBA000579C7 /* Build configuration list for PBXNativeTarget "DicomiX" */ = {
			isa = XCConfigurationList;
			buildConfigurations = (
				4CCF6B261F9FABBA000579C7 /* Debug */,
				4CCF6B271F9FABBA000579C7 /* Release */,
			);
			defaultConfigurationIsVisible = 0;
			defaultConfigurationName = Release;
		};
		4CFF02531F960F0700E31D74 /* Build configuration list for PBXProject "DcmSwift" */ = {
			isa = XCConfigurationList;
			buildConfigurations = (
				4CFF025D1F960F0800E31D74 /* Debug */,
				4CFF025E1F960F0800E31D74 /* Release */,
			);
			defaultConfigurationIsVisible = 0;
			defaultConfigurationName = Release;
		};
/* End XCConfigurationList section */

/* Begin XCVersionGroup section */
		4C3EF247226E3AAC0062B5A3 /* MagiX.xcdatamodeld */ = {
			isa = XCVersionGroup;
			children = (
				4C3EF248226E3AAC0062B5A3 /* MagiX.xcdatamodel */,
			);
			currentVersion = 4C3EF248226E3AAC0062B5A3 /* MagiX.xcdatamodel */;
			path = MagiX.xcdatamodeld;
			sourceTree = "<group>";
			versionGroupType = wrapper.xcdatamodel;
		};
/* End XCVersionGroup section */
	};
	rootObject = 4CFF02501F960F0700E31D74 /* Project object */;
}
